{
  "version": 4,
  "terraform_version": "1.5.7",
  "serial": 97,
  "lineage": "024a8f99-d24c-9774-a0b5-b048c5db31bb",
  "outputs": {
    "app_service_account_email": {
      "value": "elevate-hr-app@migration-demo-429608.iam.gserviceaccount.com",
      "type": "string"
    },
    "cloud_run_service_name": {
      "value": "elevate-hr",
      "type": "string"
    },
    "cloud_run_service_url": {
      "value": "https://elevate-hr-eemb5f2y2q-ue.a.run.app",
      "type": "string"
    },
    "logs_bucket_name": {
      "value": "migration-demo-429608-elevate-hr-logs",
      "type": "string"
    },
    "telemetry_bigquery_connection_id": {
      "value": "elevate-hr-genai-telemetry",
      "type": "string"
    },
    "telemetry_dataset_id": {
      "value": "elevate_hr_telemetry",
      "type": "string"
    }
  },
  "resources": [
    {
      "mode": "data",
      "type": "google_project",
      "name": "project",
      "provider": "provider[\"registry.terraform.io/hashicorp/google\"]",
      "instances": [
        {
          "schema_version": 0,
          "attributes": {
            "auto_create_network": null,
            "billing_account": "01CC25-2F0923-54C298",
            "deletion_policy": "PREVENT",
            "effective_labels": {
              "firebase": "enabled",
              "firebase-core": "disabled",
              "generative-language": "enabled",
              "migration-center-store-region": "us-central1"
            },
            "folder_id": "",
            "id": "projects/migration-demo-429608",
            "labels": {
              "firebase": "enabled",
              "firebase-core": "disabled",
              "generative-language": "enabled",
              "migration-center-store-region": "us-central1"
            },
            "name": "migration-demo",
            "number": "214722091571",
            "org_id": "842565285013",
            "project_id": "migration-demo-429608",
            "tags": null,
            "terraform_labels": {
              "firebase": "enabled",
              "firebase-core": "disabled",
              "generative-language": "enabled",
              "migration-center-store-region": "us-central1"
            }
          },
          "sensitive_attributes": []
        }
      ]
    },
    {
      "mode": "managed",
      "type": "google_bigquery_connection",
      "name": "genai_telemetry_connection",
      "provider": "provider[\"registry.terraform.io/hashicorp/google\"]",
      "instances": [
        {
          "schema_version": 0,
          "attributes": {
            "aws": [],
            "azure": [],
            "cloud_resource": [
              {
                "service_account_id": "bqcx-214722091571-1n19@gcp-sa-bigquery-condel.iam.gserviceaccount.com"
              }
            ],
            "cloud_spanner": [],
            "cloud_sql": [],
            "connection_id": "elevate-hr-genai-telemetry",
            "description": "",
            "friendly_name": "elevate-hr GenAI Telemetry Connection",
            "has_credential": false,
            "id": "projects/migration-demo-429608/locations/us-east1/connections/elevate-hr-genai-telemetry",
            "kms_key_name": "",
            "location": "us-east1",
            "name": "projects/214722091571/locations/us-east1/connections/elevate-hr-genai-telemetry",
            "project": "migration-demo-429608",
            "spark": [],
            "timeouts": null
          },
          "sensitive_attributes": [],
          "private": "eyJlMmJmYjczMC1lY2FhLTExZTYtOGY4OC0zNDM2M2JjN2M0YzAiOnsiY3JlYXRlIjoxMjAwMDAwMDAwMDAwLCJkZWxldGUiOjEyMDAwMDAwMDAwMDAsInVwZGF0ZSI6MTIwMDAwMDAwMDAwMH19",
          "dependencies": [
            "google_project_service.services"
          ]
        }
      ]
    },
    {
      "mode": "managed",
      "type": "google_bigquery_dataset",
      "name": "telemetry_dataset",
      "provider": "provider[\"registry.terraform.io/hashicorp/google\"]",
      "instances": [
        {
          "schema_version": 0,
          "attributes": {
            "access": [
              {
                "condition": [],
                "dataset": [],
                "domain": "",
                "group_by_email": "",
                "iam_member": "",
                "role": "OWNER",
                "routine": [],
                "special_group": "",
                "user_by_email": "admin@sushantjagdale.altostrat.com",
                "view": []
              },
              {
                "condition": [],
                "dataset": [],
                "domain": "",
                "group_by_email": "",
                "iam_member": "",
                "role": "OWNER",
                "routine": [],
                "special_group": "projectOwners",
                "user_by_email": "",
                "view": []
              },
              {
                "condition": [],
                "dataset": [],
                "domain": "",
                "group_by_email": "",
                "iam_member": "",
                "role": "READER",
                "routine": [],
                "special_group": "projectReaders",
                "user_by_email": "",
                "view": []
              },
              {
                "condition": [],
                "dataset": [],
                "domain": "",
                "group_by_email": "",
                "iam_member": "",
                "role": "WRITER",
                "routine": [],
                "special_group": "",
                "user_by_email": "service-214722091571@gcp-sa-logging.iam.gserviceaccount.com",
                "view": []
              },
              {
                "condition": [],
                "dataset": [],
                "domain": "",
                "group_by_email": "",
                "iam_member": "",
                "role": "WRITER",
                "routine": [],
                "special_group": "projectWriters",
                "user_by_email": "",
                "view": []
              }
            ],
            "creation_time": 1786671122834,
            "dataset_id": "elevate_hr_telemetry",
            "default_collation": "",
            "default_encryption_configuration": [],
            "default_partition_expiration_ms": 0,
            "default_table_expiration_ms": 0,
            "delete_contents_on_destroy": false,
            "description": "Dataset for GenAI telemetry data stored in GCS",
            "effective_labels": {
              "goog-terraform-provisioned": "true"
            },
            "etag": "Vmd6y8VSuDLkBZ3SAh3nGQ==",
            "external_catalog_dataset_options": [],
            "external_dataset_reference": [],
            "friendly_name": "elevate-hr Telemetry",
            "id": "projects/migration-demo-429608/datasets/elevate_hr_telemetry",
            "is_case_insensitive": false,
            "labels": {},
            "last_modified_time": 1786671132032,
            "location": "us-east1",
            "max_time_travel_hours": "168",
            "project": "migration-demo-429608",
            "resource_tags": {},
            "self_link": "https://bigquery.googleapis.com/bigquery/v2/projects/migration-demo-429608/datasets/elevate_hr_telemetry",
            "storage_billing_model": "",
            "terraform_labels": {
              "goog-terraform-provisioned": "true"
            },
            "timeouts": null
          },
          "sensitive_attributes": [],
          "private": "eyJlMmJmYjczMC1lY2FhLTExZTYtOGY4OC0zNDM2M2JjN2M0YzAiOnsiY3JlYXRlIjoxMjAwMDAwMDAwMDAwLCJkZWxldGUiOjEyMDAwMDAwMDAwMDAsInVwZGF0ZSI6MTIwMDAwMDAwMDAwMH19",
          "dependencies": [
            "google_project_service.services"
          ]
        }
      ]
    },
    {
      "mode": "managed",
      "type": "google_bigquery_dataset_iam_member",
      "name": "feedback_logs_bq_writer",
      "provider": "provider[\"registry.terraform.io/hashicorp/google\"]",
      "instances": [
        {
          "schema_version": 0,
          "attributes": {
            "condition": [],
            "dataset_id": "elevate_hr_telemetry",
            "etag": "",
            "id": "projects/migration-demo-429608/datasets/elevate_hr_telemetry/roles/bigquery.dataEditor/serviceAccount:service-214722091571@gcp-sa-logging.iam.gserviceaccount.com",
            "member": "serviceAccount:service-214722091571@gcp-sa-logging.iam.gserviceaccount.com",
            "project": "migration-demo-429608",
            "role": "roles/bigquery.dataEditor"
          },
          "sensitive_attributes": [],
          "private": "bnVsbA==",
          "dependencies": [
            "google_bigquery_dataset.telemetry_dataset",
            "google_logging_project_sink.feedback_logs_to_bq",
            "google_project_service.services"
          ]
        }
      ]
    },
    {
      "mode": "managed",
      "type": "google_bigquery_dataset_iam_member",
      "name": "genai_logs_bq_writer",
      "provider": "provider[\"registry.terraform.io/hashicorp/google\"]",
      "instances": [
        {
          "schema_version": 0,
          "attributes": {
            "condition": [],
            "dataset_id": "elevate_hr_telemetry",
            "etag": "",
            "id": "projects/migration-demo-429608/datasets/elevate_hr_telemetry/roles/bigquery.dataEditor/serviceAccount:service-214722091571@gcp-sa-logging.iam.gserviceaccount.com",
            "member": "serviceAccount:service-214722091571@gcp-sa-logging.iam.gserviceaccount.com",
            "project": "migration-demo-429608",
            "role": "roles/bigquery.dataEditor"
          },
          "sensitive_attributes": [],
          "private": "bnVsbA==",
          "dependencies": [
            "google_bigquery_dataset.telemetry_dataset",
            "google_logging_project_sink.genai_logs_to_bq",
            "google_project_service.services"
          ]
        }
      ]
    },
    {
      "mode": "managed",
      "type": "google_bigquery_table",
      "name": "completions_external_table",
      "provider": "provider[\"registry.terraform.io/hashicorp/google\"]",
      "instances": [
        {
          "schema_version": 0,
          "attributes": {
            "biglake_configuration": [],
            "clustering": null,
            "creation_time": 1786671139803,
            "dataset_id": "elevate_hr_telemetry",
            "deletion_protection": false,
            "description": "",
            "effective_labels": {
              "goog-terraform-provisioned": "true"
            },
            "encryption_configuration": [],
            "etag": "l8cLh1K01WqUknpAQzHxrA==",
            "expiration_time": 0,
            "external_catalog_table_options": [],
            "external_data_configuration": [
              {
                "autodetect": false,
                "avro_options": [],
                "bigtable_options": [],
                "compression": "NONE",
                "connection_id": "214722091571.us-east1.elevate-hr-genai-telemetry",
                "csv_options": [],
                "decimal_target_types": [],
                "file_set_spec_type": "",
                "google_sheets_options": [],
                "hive_partitioning_options": [],
                "ignore_unknown_values": true,
                "json_extension": "",
                "json_options": [],
                "max_bad_records": 1000,
                "metadata_cache_mode": "",
                "object_metadata": "",
                "parquet_options": [],
                "reference_file_schema_uri": "",
                "schema": "",
                "source_format": "NEWLINE_DELIMITED_JSON",
                "source_uris": [
                  "gs://migration-demo-429608-elevate-hr-logs/completions/*"
                ]
              }
            ],
            "friendly_name": "",
            "generated_schema_columns": "",
            "id": "projects/migration-demo-429608/datasets/elevate_hr_telemetry/tables/completions",
            "ignore_auto_generated_schema": false,
            "ignore_schema_changes": null,
            "labels": {},
            "last_modified_time": 1786671140046,
            "location": "us-east1",
            "materialized_view": [],
            "max_staleness": "",
            "num_bytes": 0,
            "num_long_term_bytes": 0,
            "num_rows": 0,
            "project": "migration-demo-429608",
            "range_partitioning": [],
            "require_partition_filter": false,
            "resource_tags": {},
            "schema": "[{\"fields\":[{\"mode\":\"NULLABLE\",\"name\":\"type\",\"type\":\"STRING\"},{\"mode\":\"NULLABLE\",\"name\":\"content\",\"type\":\"STRING\"},{\"mode\":\"NULLABLE\",\"name\":\"mime_type\",\"type\":\"STRING\"},{\"mode\":\"NULLABLE\",\"name\":\"uri\",\"type\":\"STRING\"},{\"mode\":\"NULLABLE\",\"name\":\"data\",\"type\":\"BYTES\"},{\"mode\":\"NULLABLE\",\"name\":\"id\",\"type\":\"STRING\"},{\"mode\":\"NULLABLE\",\"name\":\"name\",\"type\":\"STRING\"},{\"mode\":\"NULLABLE\",\"name\":\"arguments\",\"type\":\"JSON\"},{\"mode\":\"NULLABLE\",\"name\":\"response\",\"type\":\"JSON\"}],\"mode\":\"REPEATED\",\"name\":\"parts\",\"type\":\"RECORD\"},{\"mode\":\"NULLABLE\",\"name\":\"role\",\"type\":\"STRING\"},{\"mode\":\"NULLABLE\",\"name\":\"index\",\"type\":\"INTEGER\"}]",
            "schema_foreign_type_info": [],
            "self_link": "https://bigquery.googleapis.com/bigquery/v2/projects/migration-demo-429608/datasets/elevate_hr_telemetry/tables/completions",
            "table_constraints": [],
            "table_id": "completions",
            "table_metadata_view": null,
            "table_replication_info": [],
            "terraform_labels": {
              "goog-terraform-provisioned": "true"
            },
            "time_partitioning": [],
            "type": "EXTERNAL",
            "view": []
          },
          "sensitive_attributes": [],
          "private": "bnVsbA==",
          "dependencies": [
            "google_bigquery_connection.genai_telemetry_connection",
            "google_bigquery_dataset.telemetry_dataset",
            "google_project_service.services",
            "google_storage_bucket.logs_data_bucket",
            "google_storage_bucket_iam_member.telemetry_connection_access",
            "time_sleep.wait_for_bq_connection_sa"
          ]
        }
      ]
    },
    {
      "mode": "managed",
      "type": "google_bigquery_table",
      "name": "completions_view",
      "provider": "provider[\"registry.terraform.io/hashicorp/google\"]",
      "instances": [
        {
          "schema_version": 0,
          "attributes": {
            "biglake_configuration": [],
            "clustering": null,
            "creation_time": 1786671141147,
            "dataset_id": "elevate_hr_telemetry",
            "deletion_protection": false,
            "description": "View of GenAI completion logs joined with the GCS prompt/response external table",
            "effective_labels": {
              "goog-terraform-provisioned": "true"
            },
            "encryption_configuration": [],
            "etag": "Wg9tpWG3QyX8NGvkRMp/wA==",
            "expiration_time": 0,
            "external_catalog_table_options": [],
            "external_data_configuration": [],
            "friendly_name": "",
            "generated_schema_columns": "",
            "id": "projects/migration-demo-429608/datasets/elevate_hr_telemetry/tables/completions_view",
            "ignore_auto_generated_schema": false,
            "ignore_schema_changes": null,
            "labels": {},
            "last_modified_time": 1786671141710,
            "location": "us-east1",
            "materialized_view": [],
            "max_staleness": "",
            "num_bytes": 0,
            "num_long_term_bytes": 0,
            "num_rows": 0,
            "project": "migration-demo-429608",
            "range_partitioning": [],
            "require_partition_filter": false,
            "resource_tags": {},
            "schema": "[{\"mode\":\"NULLABLE\",\"name\":\"timestamp\",\"type\":\"TIMESTAMP\"},{\"mode\":\"NULLABLE\",\"name\":\"insert_id\",\"type\":\"STRING\"},{\"mode\":\"NULLABLE\",\"name\":\"trace\",\"type\":\"STRING\"},{\"mode\":\"NULLABLE\",\"name\":\"span_id\",\"type\":\"STRING\"},{\"mode\":\"NULLABLE\",\"name\":\"conversation_id\",\"type\":\"STRING\"},{\"mode\":\"NULLABLE\",\"name\":\"api_call_id\",\"type\":\"STRING\"},{\"mode\":\"NULLABLE\",\"name\":\"message_type\",\"type\":\"STRING\"},{\"mode\":\"NULLABLE\",\"name\":\"role\",\"type\":\"STRING\"},{\"mode\":\"NULLABLE\",\"name\":\"message_idx\",\"type\":\"INTEGER\"},{\"mode\":\"NULLABLE\",\"name\":\"part_idx\",\"type\":\"INTEGER\"},{\"mode\":\"NULLABLE\",\"name\":\"content\",\"type\":\"STRING\"},{\"mode\":\"NULLABLE\",\"name\":\"part_type\",\"type\":\"STRING\"},{\"mode\":\"NULLABLE\",\"name\":\"tool_name\",\"type\":\"STRING\"},{\"mode\":\"NULLABLE\",\"name\":\"tool_args\",\"type\":\"JSON\"},{\"mode\":\"NULLABLE\",\"name\":\"tool_response\",\"type\":\"JSON\"},{\"mode\":\"NULLABLE\",\"name\":\"usage_input_tokens\",\"type\":\"STRING\"},{\"mode\":\"NULLABLE\",\"name\":\"usage_output_tokens\",\"type\":\"STRING\"},{\"mode\":\"NULLABLE\",\"name\":\"agent_name\",\"type\":\"STRING\"},{\"mode\":\"NULLABLE\",\"name\":\"finish_reasons\",\"type\":\"STRING\"},{\"mode\":\"NULLABLE\",\"name\":\"uri\",\"type\":\"STRING\"},{\"mode\":\"NULLABLE\",\"name\":\"mime_type\",\"type\":\"STRING\"},{\"mode\":\"NULLABLE\",\"name\":\"data_md5_hex\",\"type\":\"STRING\"},{\"mode\":\"NULLABLE\",\"name\":\"messages_ref_uri\",\"type\":\"STRING\"}]",
            "schema_foreign_type_info": [],
            "self_link": "https://bigquery.googleapis.com/bigquery/v2/projects/migration-demo-429608/datasets/elevate_hr_telemetry/tables/completions_view",
            "table_constraints": [],
            "table_id": "completions_view",
            "table_metadata_view": null,
            "table_replication_info": [],
            "terraform_labels": {
              "goog-terraform-provisioned": "true"
            },
            "time_partitioning": [],
            "type": "VIEW",
            "view": [
              {
                "query": "-- Copyright 2026 Google LLC\n--\n-- Licensed under the Apache License, Version 2.0 (the \"License\");\n-- you may not use this file except in compliance with the License.\n-- You may obtain a copy of the License at\n--\n--     https://www.apache.org/licenses/LICENSE-2.0\n--\n-- Unless required by applicable law or agreed to in writing, software\n-- distributed under the License is distributed on an \"AS IS\" BASIS,\n-- WITHOUT WARRANTIES OR CONDITIONS OF ANY KIND, either express or implied.\n-- See the License for the specific language governing permissions and\n-- limitations under the License.\n\n-- Optimized join of Cloud Logging BQ export data with GCS-stored prompt/response data.\n-- This query extracts both input and output messages referenced in logs.\n-- Note: Input files contain full conversation history, so messages may appear multiple times.\n--\n-- Log data is exported directly to BigQuery via log sinks.\n-- The GenAI log table (gen_ai_client_inference_operation_details) is pre-created by Terraform and\n-- populated by Cloud Logging via the sink.\n-- Labels are flattened into individual columns (dots replaced with underscores).\n\n-- Extract message references from Cloud Logging BQ export (scan once, extract both input/output)\nWITH log_refs AS (\n  SELECT\n    insertId AS insert_id,\n    timestamp,\n    trace,\n    spanId AS span_id,\n    labels.gen_ai_conversation_id AS conversation_id,\n    labels.gen_ai_input_messages_ref AS input_ref,\n    labels.gen_ai_output_messages_ref AS output_ref,\n    labels.gen_ai_usage_input_tokens AS usage_input_tokens,\n    labels.gen_ai_usage_output_tokens AS usage_output_tokens,\n    labels.gen_ai_agent_name AS agent_name,\n    labels.gen_ai_response_finish_reasons AS finish_reasons\n  FROM `migration-demo-429608.elevate_hr_telemetry.gen_ai_client_inference_operation_details`\n  WHERE labels.gen_ai_input_messages_ref IS NOT NULL\n     OR labels.gen_ai_output_messages_ref IS NOT NULL\n),\n\n-- Unpivot to get one row per message reference\nunpivoted_refs AS (\n  SELECT\n    insert_id,\n    timestamp,\n    trace,\n    span_id,\n    conversation_id,\n    usage_input_tokens,\n    usage_output_tokens,\n    agent_name,\n    finish_reasons,\n    input_ref AS messages_ref_uri,\n    'input' AS message_type\n  FROM log_refs\n  WHERE input_ref IS NOT NULL\n\n  UNION ALL\n\n  SELECT\n    insert_id,\n    timestamp,\n    trace,\n    span_id,\n    conversation_id,\n    usage_input_tokens,\n    usage_output_tokens,\n    agent_name,\n    finish_reasons,\n    output_ref AS messages_ref_uri,\n    'output' AS message_type\n  FROM log_refs\n  WHERE output_ref IS NOT NULL\n),\n\n-- Join with completions external table and extract api_call_id once\njoined_data AS (\n  SELECT\n    lr.insert_id,\n    lr.timestamp,\n    lr.trace,\n    lr.span_id,\n    lr.conversation_id,\n    lr.usage_input_tokens,\n    lr.usage_output_tokens,\n    lr.agent_name,\n    lr.finish_reasons,\n    lr.messages_ref_uri,\n    lr.message_type,\n    SPLIT(REGEXP_EXTRACT(lr.messages_ref_uri, r'/([^/]+)\\.jsonl'), '_')[OFFSET(0)] AS api_call_id,\n    c.role,\n    c.parts,\n    c.index AS message_idx\n  FROM unpivoted_refs lr\n  JOIN `migration-demo-429608.elevate_hr_telemetry.completions` c\n    ON lr.messages_ref_uri = c._FILE_NAME\n),\n\n-- Flatten the parts array\nflattened AS (\n  SELECT\n    insert_id,\n    timestamp,\n    trace,\n    span_id,\n    conversation_id,\n    usage_input_tokens,\n    usage_output_tokens,\n    agent_name,\n    finish_reasons,\n    messages_ref_uri,\n    message_type,\n    api_call_id,\n    role,\n    message_idx,\n    part_idx,\n    part.type AS part_type,\n    part.content,\n    part.uri,\n    part.mime_type,\n    TO_HEX(MD5(part.data)) AS data_md5_hex,\n    part.id AS tool_id,\n    part.name AS tool_name,\n    part.arguments AS tool_args,\n    part.response AS tool_response\n  FROM joined_data\n  CROSS JOIN UNNEST(parts) AS part WITH OFFSET AS part_idx\n),\n\n-- Stage 1: Deduplicate within a trace+span, keeping distinct spans\n-- (each LLM hop gets its own span_id).\ndedup_within_trace AS (\n  SELECT\n    *,\n    ROW_NUMBER() OVER (\n      PARTITION BY conversation_id, trace, span_id, message_type, role, message_idx, part_idx\n      ORDER BY timestamp DESC\n    ) AS row_num\n  FROM flattened\n),\n\n-- Stage 2: Deduplicate across traces within a conversation\n-- Input files contain full conversation history, so earlier messages repeat in later traces.\n-- For inputs: keep only the latest trace's copy of each message.\n-- For outputs: each trace has a unique response, so keep all.\ndedup_across_traces AS (\n  SELECT\n    *,\n    CASE\n      WHEN message_type = 'input' THEN ROW_NUMBER() OVER (\n        PARTITION BY conversation_id, message_type, role, message_idx, part_idx\n        ORDER BY timestamp ASC\n      )\n      ELSE 1\n    END AS cross_trace_row_num\n  FROM dedup_within_trace\n  WHERE row_num = 1\n)\n\nSELECT\n  -- Core identifiers and timestamps\n  timestamp,\n  insert_id,\n  trace,\n  span_id,\n  conversation_id,\n  api_call_id,\n\n  -- Message metadata\n  message_type,\n  role,\n  message_idx,\n  part_idx,\n\n  -- Message content\n  content,\n\n  -- Tool/function calling\n  part_type,\n  tool_name,\n  tool_args,\n  tool_response,\n\n  -- Usage metadata\n  usage_input_tokens,\n  usage_output_tokens,\n  agent_name,\n  finish_reasons,\n\n  -- Additional metadata\n  uri,\n  mime_type,\n  data_md5_hex,\n  messages_ref_uri\nFROM dedup_across_traces\nWHERE cross_trace_row_num = 1\n  -- Exclude assistant messages echoed back as input context (already captured as output)\n  AND NOT (message_type = 'input' AND role = 'assistant')\nORDER BY conversation_id ASC, timestamp ASC, message_type ASC, message_idx ASC, part_idx ASC\n",
                "use_legacy_sql": false
              }
            ]
          },
          "sensitive_attributes": [],
          "private": "bnVsbA==",
          "dependencies": [
            "google_bigquery_connection.genai_telemetry_connection",
            "google_bigquery_dataset.telemetry_dataset",
            "google_bigquery_table.completions_external_table",
            "google_bigquery_table.genai_logs_table",
            "google_logging_project_sink.genai_logs_to_bq",
            "google_project_service.services",
            "google_storage_bucket.logs_data_bucket",
            "google_storage_bucket_iam_member.telemetry_connection_access",
            "time_sleep.wait_for_bq_connection_sa"
          ]
        }
      ]
    },
    {
      "mode": "managed",
      "type": "google_bigquery_table",
      "name": "genai_logs_table",
      "provider": "provider[\"registry.terraform.io/hashicorp/google\"]",
      "instances": [
        {
          "schema_version": 0,
          "attributes": {
            "biglake_configuration": [],
            "clustering": null,
            "creation_time": 1786674067432,
            "dataset_id": "elevate_hr_telemetry",
            "deletion_protection": false,
            "description": "GenAI inference logs exported directly from Cloud Logging",
            "effective_labels": {
              "goog-terraform-provisioned": "true"
            },
            "encryption_configuration": [],
            "etag": "7qQpRSOW0LcNt19yD12+2g==",
            "expiration_time": 0,
            "external_catalog_table_options": [],
            "external_data_configuration": [],
            "friendly_name": "",
            "generated_schema_columns": "",
            "id": "projects/migration-demo-429608/datasets/elevate_hr_telemetry/tables/gen_ai_client_inference_operation_details",
            "ignore_auto_generated_schema": false,
            "ignore_schema_changes": null,
            "labels": {},
            "last_modified_time": 1786674067461,
            "location": "us-east1",
            "materialized_view": [],
            "max_staleness": "",
            "num_bytes": 0,
            "num_long_term_bytes": 0,
            "num_rows": 0,
            "project": "migration-demo-429608",
            "range_partitioning": [],
            "require_partition_filter": false,
            "resource_tags": {},
            "schema": "[{\"mode\":\"NULLABLE\",\"name\":\"logName\",\"type\":\"STRING\"},{\"mode\":\"NULLABLE\",\"name\":\"textPayload\",\"type\":\"STRING\"},{\"mode\":\"NULLABLE\",\"name\":\"timestamp\",\"type\":\"TIMESTAMP\"},{\"mode\":\"NULLABLE\",\"name\":\"receiveTimestamp\",\"type\":\"TIMESTAMP\"},{\"mode\":\"NULLABLE\",\"name\":\"severity\",\"type\":\"STRING\"},{\"mode\":\"NULLABLE\",\"name\":\"insertId\",\"type\":\"STRING\"},{\"mode\":\"NULLABLE\",\"name\":\"trace\",\"type\":\"STRING\"},{\"mode\":\"NULLABLE\",\"name\":\"spanId\",\"type\":\"STRING\"},{\"mode\":\"NULLABLE\",\"name\":\"traceSampled\",\"type\":\"BOOLEAN\"},{\"fields\":[{\"mode\":\"NULLABLE\",\"name\":\"type\",\"type\":\"STRING\"},{\"fields\":[{\"mode\":\"NULLABLE\",\"name\":\"project_id\",\"type\":\"STRING\"},{\"mode\":\"NULLABLE\",\"name\":\"location\",\"type\":\"STRING\"}],\"mode\":\"NULLABLE\",\"name\":\"labels\",\"type\":\"RECORD\"}],\"mode\":\"NULLABLE\",\"name\":\"resource\",\"type\":\"RECORD\"},{\"fields\":[{\"mode\":\"NULLABLE\",\"name\":\"gen_ai_conversation_id\",\"type\":\"STRING\"},{\"mode\":\"NULLABLE\",\"name\":\"gen_ai_agent_name\",\"type\":\"STRING\"},{\"mode\":\"NULLABLE\",\"name\":\"gen_ai_input_messages_ref\",\"type\":\"STRING\"},{\"mode\":\"NULLABLE\",\"name\":\"gen_ai_output_messages_ref\",\"type\":\"STRING\"},{\"mode\":\"NULLABLE\",\"name\":\"gen_ai_system_instructions_ref\",\"type\":\"STRING\"},{\"mode\":\"NULLABLE\",\"name\":\"gen_ai_usage_input_tokens\",\"type\":\"STRING\"},{\"mode\":\"NULLABLE\",\"name\":\"gen_ai_usage_output_tokens\",\"type\":\"STRING\"},{\"mode\":\"NULLABLE\",\"name\":\"gen_ai_response_finish_reasons\",\"type\":\"STRING\"},{\"mode\":\"NULLABLE\",\"name\":\"gen_ai_tool_definitions\",\"type\":\"STRING\"},{\"mode\":\"NULLABLE\",\"name\":\"gen_ai_tool_definitions_ref\",\"type\":\"STRING\"},{\"mode\":\"NULLABLE\",\"name\":\"gcp_vertex_agent_invocation_id\",\"type\":\"STRING\"},{\"mode\":\"NULLABLE\",\"name\":\"gcp_vertex_agent_event_id\",\"type\":\"STRING\"},{\"mode\":\"NULLABLE\",\"name\":\"event_name\",\"type\":\"STRING\"}],\"mode\":\"NULLABLE\",\"name\":\"labels\",\"type\":\"RECORD\"}]",
            "schema_foreign_type_info": [],
            "self_link": "https://bigquery.googleapis.com/bigquery/v2/projects/migration-demo-429608/datasets/elevate_hr_telemetry/tables/gen_ai_client_inference_operation_details",
            "table_constraints": [],
            "table_id": "gen_ai_client_inference_operation_details",
            "table_metadata_view": null,
            "table_replication_info": [],
            "terraform_labels": {
              "goog-terraform-provisioned": "true"
            },
            "time_partitioning": [
              {
                "expiration_ms": 0,
                "field": "timestamp",
                "require_partition_filter": false,
                "type": "DAY"
              }
            ],
            "type": "TABLE",
            "view": []
          },
          "sensitive_attributes": [],
          "private": "bnVsbA==",
          "dependencies": [
            "google_bigquery_dataset.telemetry_dataset",
            "google_project_service.services"
          ]
        }
      ]
    },
    {
      "mode": "managed",
      "type": "google_cloud_run_v2_service",
      "name": "app",
      "provider": "provider[\"registry.terraform.io/hashicorp/google\"]",
      "instances": [
        {
          "schema_version": 0,
          "attributes": {
            "annotations": {},
            "binary_authorization": [],
            "build_config": [],
            "client": "",
            "client_version": "",
            "conditions": [
              {
                "execution_reason": "",
                "last_transition_time": "2026-08-14T02:34:50.244397Z",
                "message": "The user-provided container failed to start and listen on the port defined provided by the PORT=8080 environment variable within the allocated timeout. This can happen when the container port is misconfigured or if the timeout is too short. The health check timeout can be extended. Logs for this revision might contain more information.\n\nLogs URL: https://console.cloud.google.com/logs/viewer?project=migration-demo-429608\u0026resource=cloud_run_revision/service_name/elevate-hr/revision_name/elevate-hr-00005-cch\u0026advancedFilter=resource.type%3D%22cloud_run_revision%22%0Aresource.labels.service_name%3D%22elevate-hr%22%0Aresource.labels.revision_name%3D%22elevate-hr-00005-cch%22 \nFor more troubleshooting guidance, see https://cloud.google.com/run/docs/troubleshooting#container-failed-to-start",
                "reason": "",
                "revision_reason": "HEALTH_CHECK_CONTAINER_ERROR",
                "severity": "",
                "state": "CONDITION_FAILED",
                "type": "RoutesReady"
              },
              {
                "execution_reason": "",
                "last_transition_time": "2026-08-14T02:22:08.366671Z",
                "message": "The user-provided container failed to start and listen on the port defined provided by the PORT=8080 environment variable within the allocated timeout. This can happen when the container port is misconfigured or if the timeout is too short. The health check timeout can be extended. Logs for this revision might contain more information.\n\nLogs URL: https://console.cloud.google.com/logs/viewer?project=migration-demo-429608\u0026resource=cloud_run_revision/service_name/elevate-hr/revision_name/elevate-hr-00005-cch\u0026advancedFilter=resource.type%3D%22cloud_run_revision%22%0Aresource.labels.service_name%3D%22elevate-hr%22%0Aresource.labels.revision_name%3D%22elevate-hr-00005-cch%22 \nFor more troubleshooting guidance, see https://cloud.google.com/run/docs/troubleshooting#container-failed-to-start",
                "reason": "",
                "revision_reason": "HEALTH_CHECK_CONTAINER_ERROR",
                "severity": "",
                "state": "CONDITION_FAILED",
                "type": "ConfigurationsReady"
              }
            ],
            "create_time": "2026-08-14T01:32:22.084995Z",
            "creator": "admin@sushantjagdale.altostrat.com",
            "custom_audiences": [],
            "default_uri_disabled": false,
            "delete_time": "",
            "deletion_protection": false,
            "description": "",
            "effective_annotations": {},
            "effective_labels": {
              "created-by": "adk",
              "goog-terraform-provisioned": "true"
            },
            "etag": "\"CMj9-dMGEPDz8McD/cHJvamVjdHMvbWlncmF0aW9uLWRlbW8tNDI5NjA4L2xvY2F0aW9ucy91cy1lYXN0MS9zZXJ2aWNlcy9lbGV2YXRlLWhy\"",
            "expire_time": "",
            "generation": "10",
            "iap_enabled": false,
            "id": "projects/migration-demo-429608/locations/us-east1/services/elevate-hr",
            "ingress": "INGRESS_TRAFFIC_ALL",
            "invoker_iam_disabled": false,
            "labels": {
              "created-by": "adk"
            },
            "last_modifier": "admin@sushantjagdale.altostrat.com",
            "latest_created_revision": "projects/migration-demo-429608/locations/us-east1/services/elevate-hr/revisions/elevate-hr-00005-cch",
            "latest_ready_revision": "projects/migration-demo-429608/locations/us-east1/services/elevate-hr/revisions/elevate-hr-00004-5bp",
            "launch_stage": "GA",
            "location": "us-east1",
            "multi_region_settings": [],
            "name": "elevate-hr",
            "observed_generation": "10",
            "project": "migration-demo-429608",
            "reconciling": false,
            "scaling": [
              {
                "manual_instance_count": 0,
                "max_instance_count": 100,
                "min_instance_count": 0,
                "scaling_mode": ""
              }
            ],
            "template": [
              {
                "annotations": {},
                "containers": [
                  {
                    "args": [],
                    "base_image_uri": "",
                    "build_info": [],
                    "command": [],
                    "depends_on": [],
                    "env": [
                      {
                        "name": "ADK_CAPTURE_MESSAGE_CONTENT_IN_SPANS",
                        "value": "false",
                        "value_source": []
                      },
                      {
                        "name": "APP_URL",
                        "value": "https://elevate-hr-214722091571.us-east1.run.app",
                        "value_source": []
                      },
                      {
                        "name": "GOOGLE_CLOUD_LOCATION",
                        "value": "global",
                        "value_source": []
                      },
                      {
                        "name": "GOOGLE_CLOUD_PROJECT",
                        "value": "migration-demo-429608",
                        "value_source": []
                      },
                      {
                        "name": "GOOGLE_GENAI_USE_VERTEXAI",
                        "value": "True",
                        "value_source": []
                      },
                      {
                        "name": "LOGS_BUCKET_NAME",
                        "value": "migration-demo-429608-elevate-hr-logs",
                        "value_source": []
                      },
                      {
                        "name": "OTEL_INSTRUMENTATION_GENAI_CAPTURE_MESSAGE_CONTENT",
                        "value": "NO_CONTENT",
                        "value_source": []
                      },
                      {
                        "name": "OTEL_INSTRUMENTATION_GENAI_COMPLETION_HOOK",
                        "value": "upload",
                        "value_source": []
                      },
                      {
                        "name": "OTEL_INSTRUMENTATION_GENAI_UPLOAD_BASE_PATH",
                        "value": "gs://migration-demo-429608-elevate-hr-logs/completions",
                        "value_source": []
                      },
                      {
                        "name": "OTEL_INSTRUMENTATION_GENAI_UPLOAD_FORMAT",
                        "value": "jsonl",
                        "value_source": []
                      },
                      {
                        "name": "OTEL_SEMCONV_STABILITY_OPT_IN",
                        "value": "gen_ai_latest_experimental",
                        "value_source": []
                      },
                      {
                        "name": "OTEL_SERVICE_NAME",
                        "value": "elevate-hr",
                        "value_source": []
                      },
                      {
                        "name": "REDEPLOY_TRIGGER",
                        "value": "1",
                        "value_source": []
                      },
                      {
                        "name": "SESSION_SERVICE_URI",
                        "value": "firestore://migration-demo-429608",
                        "value_source": []
                      }
                    ],
                    "image": "us-east1-docker.pkg.dev/migration-demo-429608/cloud-run-source-deploy/elevate-hr@sha256:efa26f281f372b39f4cee668ff4fb284abf7ded841419c8f41dcc7cf7eae694c",
                    "liveness_probe": [],
                    "name": "",
                    "ports": [
                      {
                        "container_port": 8080,
                        "name": "http1"
                      }
                    ],
                    "readiness_probe": [],
                    "resources": [
                      {
                        "cpu_idle": false,
                        "limits": {
                          "cpu": "1",
                          "memory": "4Gi"
                        },
                        "startup_cpu_boost": false
                      }
                    ],
                    "startup_probe": [
                      {
                        "failure_threshold": 1,
                        "grpc": [],
                        "http_get": [],
                        "initial_delay_seconds": 0,
                        "period_seconds": 240,
                        "tcp_socket": [
                          {
                            "port": 8080
                          }
                        ],
                        "timeout_seconds": 240
                      }
                    ],
                    "volume_mounts": [],
                    "working_dir": ""
                  }
                ],
                "encryption_key": "",
                "execution_environment": "",
                "gpu_zonal_redundancy_disabled": false,
                "health_check_disabled": false,
                "labels": {},
                "max_instance_request_concurrency": 8,
                "node_selector": [],
                "revision": "",
                "scaling": [
                  {
                    "max_instance_count": 10,
                    "min_instance_count": 1
                  }
                ],
                "service_account": "elevate-hr-app@migration-demo-429608.iam.gserviceaccount.com",
                "session_affinity": true,
                "timeout": "300s",
                "volumes": [],
                "vpc_access": [
                  {
                    "connector": "",
                    "egress": "PRIVATE_RANGES_ONLY",
                    "network_interfaces": [
                      {
                        "network": "projects/migration-demo-429608/global/networks/elevate-hr-vpc",
                        "subnetwork": "projects/migration-demo-429608/regions/us-east1/subnetworks/elevate-hr-subnet",
                        "tags": []
                      }
                    ]
                  }
                ]
              }
            ],
            "terminal_condition": [
              {
                "execution_reason": "",
                "last_transition_time": "2026-08-14T02:34:50.244397Z",
                "message": "The user-provided container failed to start and listen on the port defined provided by the PORT=8080 environment variable within the allocated timeout. This can happen when the container port is misconfigured or if the timeout is too short. The health check timeout can be extended. Logs for this revision might contain more information.\n\nLogs URL: https://console.cloud.google.com/logs/viewer?project=migration-demo-429608\u0026resource=cloud_run_revision/service_name/elevate-hr/revision_name/elevate-hr-00005-cch\u0026advancedFilter=resource.type%3D%22cloud_run_revision%22%0Aresource.labels.service_name%3D%22elevate-hr%22%0Aresource.labels.revision_name%3D%22elevate-hr-00005-cch%22 \nFor more troubleshooting guidance, see https://cloud.google.com/run/docs/troubleshooting#container-failed-to-start",
                "reason": "",
                "revision_reason": "HEALTH_CHECK_CONTAINER_ERROR",
                "severity": "",
                "state": "CONDITION_FAILED",
                "type": "Ready"
              }
            ],
            "terraform_labels": {
              "created-by": "adk",
              "goog-terraform-provisioned": "true"
            },
            "timeouts": null,
            "traffic": [
              {
                "percent": 100,
                "revision": "",
                "tag": "",
                "type": "TRAFFIC_TARGET_ALLOCATION_TYPE_LATEST"
              }
            ],
            "traffic_statuses": [
              {
                "percent": 100,
                "revision": "",
                "tag": "",
                "type": "TRAFFIC_TARGET_ALLOCATION_TYPE_LATEST",
                "uri": ""
              }
            ],
            "uid": "60775631-1bab-436f-bec9-31666811e1b7",
            "update_time": "2026-08-14T02:34:48.956054Z",
            "uri": "https://elevate-hr-eemb5f2y2q-ue.a.run.app",
            "urls": [
              "https://elevate-hr-214722091571.us-east1.run.app",
              "https://elevate-hr-eemb5f2y2q-ue.a.run.app"
            ]
          },
          "sensitive_attributes": [],
          "private": "eyJlMmJmYjczMC1lY2FhLTExZTYtOGY4OC0zNDM2M2JjN2M0YzAiOnsiY3JlYXRlIjoxMjAwMDAwMDAwMDAwLCJkZWxldGUiOjEyMDAwMDAwMDAwMDAsInVwZGF0ZSI6MTIwMDAwMDAwMDAwMH19",
          "dependencies": [
            "data.google_project.project",
            "google_compute_network.vpc",
            "google_compute_subnetwork.subnet",
            "google_project_service.services",
            "google_service_account.app_sa",
            "google_storage_bucket.logs_data_bucket"
          ]
        }
      ]
    },
    {
      "mode": "managed",
      "type": "google_compute_address",
      "name": "serviceimmediately_psc_ip",
      "provider": "provider[\"registry.terraform.io/hashicorp/google\"]",
      "instances": [
        {
          "schema_version": 0,
          "attributes": {
            "address": "10.0.0.2",
            "address_type": "INTERNAL",
            "creation_timestamp": "2026-08-13T19:00:49.140-07:00",
            "description": "",
            "effective_labels": {
              "goog-terraform-provisioned": "true"
            },
            "id": "projects/migration-demo-429608/regions/us-east1/addresses/serviceimmediately-psc-ip",
            "ip_collection": "",
            "ip_version": "",
            "ipv6_endpoint_type": "",
            "label_fingerprint": "vezUS-42LLM=",
            "labels": {},
            "name": "serviceimmediately-psc-ip",
            "network": "",
            "network_tier": "PREMIUM",
            "prefix_length": 0,
            "project": "migration-demo-429608",
            "purpose": "GCE_ENDPOINT",
            "region": "us-east1",
            "self_link": "https://www.googleapis.com/compute/v1/projects/migration-demo-429608/regions/us-east1/addresses/serviceimmediately-psc-ip",
            "subnetwork": "https://www.googleapis.com/compute/v1/projects/migration-demo-429608/regions/us-east1/subnetworks/elevate-hr-subnet",
            "terraform_labels": {
              "goog-terraform-provisioned": "true"
            },
            "timeouts": null,
            "users": []
          },
          "sensitive_attributes": [],
          "private": "eyJlMmJmYjczMC1lY2FhLTExZTYtOGY4OC0zNDM2M2JjN2M0YzAiOnsiY3JlYXRlIjoxMjAwMDAwMDAwMDAwLCJkZWxldGUiOjEyMDAwMDAwMDAwMDAsInVwZGF0ZSI6MTIwMDAwMDAwMDAwMH19",
          "dependencies": [
            "google_compute_network.vpc",
            "google_compute_subnetwork.subnet",
            "google_project_service.services"
          ]
        }
      ]
    },
    {
      "mode": "managed",
      "type": "google_compute_address",
      "name": "workweek_psc_ip",
      "provider": "provider[\"registry.terraform.io/hashicorp/google\"]",
      "instances": [
        {
          "schema_version": 0,
          "attributes": {
            "address": "10.0.0.3",
            "address_type": "INTERNAL",
            "creation_timestamp": "2026-08-13T19:00:49.407-07:00",
            "description": "",
            "effective_labels": {
              "goog-terraform-provisioned": "true"
            },
            "id": "projects/migration-demo-429608/regions/us-east1/addresses/workweek-psc-ip",
            "ip_collection": "",
            "ip_version": "",
            "ipv6_endpoint_type": "",
            "label_fingerprint": "vezUS-42LLM=",
            "labels": {},
            "name": "workweek-psc-ip",
            "network": "",
            "network_tier": "PREMIUM",
            "prefix_length": 0,
            "project": "migration-demo-429608",
            "purpose": "GCE_ENDPOINT",
            "region": "us-east1",
            "self_link": "https://www.googleapis.com/compute/v1/projects/migration-demo-429608/regions/us-east1/addresses/workweek-psc-ip",
            "subnetwork": "https://www.googleapis.com/compute/v1/projects/migration-demo-429608/regions/us-east1/subnetworks/elevate-hr-subnet",
            "terraform_labels": {
              "goog-terraform-provisioned": "true"
            },
            "timeouts": null,
            "users": []
          },
          "sensitive_attributes": [],
          "private": "eyJlMmJmYjczMC1lY2FhLTExZTYtOGY4OC0zNDM2M2JjN2M0YzAiOnsiY3JlYXRlIjoxMjAwMDAwMDAwMDAwLCJkZWxldGUiOjEyMDAwMDAwMDAwMDAsInVwZGF0ZSI6MTIwMDAwMDAwMDAwMH19",
          "dependencies": [
            "google_compute_network.vpc",
            "google_compute_subnetwork.subnet",
            "google_project_service.services"
          ]
        }
      ]
    },
    {
      "mode": "managed",
      "type": "google_compute_backend_service",
      "name": "run_backend",
      "provider": "provider[\"registry.terraform.io/hashicorp/google\"]",
      "instances": [
        {
          "schema_version": 1,
          "attributes": {
            "affinity_cookie_ttl_sec": 0,
            "backend": [
              {
                "balancing_mode": "UTILIZATION",
                "capacity_scaler": 1,
                "custom_metrics": [],
                "description": "",
                "group": "https://www.googleapis.com/compute/v1/projects/migration-demo-429608/regions/us-east1/networkEndpointGroups/elevate-hr-neg",
                "max_connections": 0,
                "max_connections_per_endpoint": 0,
                "max_connections_per_instance": 0,
                "max_rate": 0,
                "max_rate_per_endpoint": 0,
                "max_rate_per_instance": 0,
                "max_utilization": 0,
                "preference": ""
              }
            ],
            "cdn_policy": [],
            "circuit_breakers": [],
            "compression_mode": "",
            "connection_draining_timeout_sec": 300,
            "consistent_hash": [],
            "creation_timestamp": "2026-08-13T19:11:31.351-07:00",
            "custom_metrics": [],
            "custom_request_headers": [],
            "custom_response_headers": [],
            "description": "",
            "edge_security_policy": "",
            "enable_cdn": false,
            "external_managed_migration_state": "",
            "external_managed_migration_testing_percentage": 0,
            "fingerprint": "AUeU2P-7oBI=",
            "generated_id": 1987595646534928316,
            "health_checks": [],
            "iap": [
              {
                "enabled": true,
                "oauth2_client_id": "placeholder-client-id",
                "oauth2_client_secret": "placeholder-client-secret",
                "oauth2_client_secret_sha256": "b37cfcf5c2bf89c5ab90596fa42604f8e87a470a0f7ea99c5ea4187f8c5789c3"
              }
            ],
            "id": "projects/migration-demo-429608/global/backendServices/elevate-hr-backend",
            "ip_address_selection_policy": "",
            "load_balancing_scheme": "EXTERNAL",
            "locality_lb_policies": [],
            "locality_lb_policy": "",
            "log_config": [],
            "max_stream_duration": [],
            "name": "elevate-hr-backend",
            "outlier_detection": [],
            "params": [],
            "port_name": "http",
            "project": "migration-demo-429608",
            "protocol": "HTTPS",
            "security_policy": "https://www.googleapis.com/compute/v1/projects/migration-demo-429608/global/securityPolicies/elevate-hr-waf",
            "security_settings": [],
            "self_link": "https://www.googleapis.com/compute/v1/projects/migration-demo-429608/global/backendServices/elevate-hr-backend",
            "service_lb_policy": "",
            "session_affinity": "NONE",
            "strong_session_affinity_cookie": [],
            "timeout_sec": 30,
            "timeouts": null,
            "tls_settings": []
          },
          "sensitive_attributes": [
            [
              {
                "type": "get_attr",
                "value": "iap"
              },
              {
                "type": "index",
                "value": {
                  "value": 0,
                  "type": "number"
                }
              },
              {
                "type": "get_attr",
                "value": "oauth2_client_secret"
              }
            ]
          ],
          "private": "eyJlMmJmYjczMC1lY2FhLTExZTYtOGY4OC0zNDM2M2JjN2M0YzAiOnsiY3JlYXRlIjoxMjAwMDAwMDAwMDAwLCJkZWxldGUiOjEyMDAwMDAwMDAwMDAsInVwZGF0ZSI6MTIwMDAwMDAwMDAwMH0sInNjaGVtYV92ZXJzaW9uIjoiMSJ9",
          "dependencies": [
            "data.google_project.project",
            "google_cloud_run_v2_service.app",
            "google_compute_network.vpc",
            "google_compute_region_network_endpoint_group.run_neg",
            "google_compute_security_policy.waf",
            "google_compute_subnetwork.subnet",
            "google_project_service.services",
            "google_service_account.app_sa",
            "google_storage_bucket.logs_data_bucket"
          ]
        }
      ]
    },
    {
      "mode": "managed",
      "type": "google_compute_global_forwarding_rule",
      "name": "http_forwarding_rule",
      "provider": "provider[\"registry.terraform.io/hashicorp/google\"]",
      "instances": [
        {
          "schema_version": 0,
          "attributes": {
            "base_forwarding_rule": "",
            "description": "",
            "effective_labels": {},
            "external_managed_backend_bucket_migration_state": "",
            "external_managed_backend_bucket_migration_testing_percentage": 0,
            "forwarding_rule_id": 2286684116622755682,
            "id": "projects/migration-demo-429608/global/forwardingRules/elevate-hr-http-rule",
            "ip_address": "136.68.56.2",
            "ip_protocol": "TCP",
            "ip_version": "",
            "label_fingerprint": "42WmSpB8rSM=",
            "labels": {},
            "load_balancing_scheme": "EXTERNAL",
            "metadata_filters": [],
            "name": "elevate-hr-http-rule",
            "network": "",
            "network_tier": "PREMIUM",
            "no_automate_dns_zone": null,
            "port_range": "80-80",
            "project": "migration-demo-429608",
            "psc_connection_id": "",
            "psc_connection_status": "",
            "self_link": "https://www.googleapis.com/compute/v1/projects/migration-demo-429608/global/forwardingRules/elevate-hr-http-rule",
            "service_directory_registrations": [],
            "source_ip_ranges": [],
            "subnetwork": "",
            "target": "https://www.googleapis.com/compute/v1/projects/migration-demo-429608/global/targetHttpProxies/elevate-hr-http-proxy",
            "terraform_labels": {},
            "timeouts": null
          },
          "sensitive_attributes": [],
          "private": "eyJlMmJmYjczMC1lY2FhLTExZTYtOGY4OC0zNDM2M2JjN2M0YzAiOnsiY3JlYXRlIjoxMjAwMDAwMDAwMDAwLCJkZWxldGUiOjEyMDAwMDAwMDAwMDAsInVwZGF0ZSI6MTIwMDAwMDAwMDAwMH19",
          "dependencies": [
            "data.google_project.project",
            "google_cloud_run_v2_service.app",
            "google_compute_backend_service.run_backend",
            "google_compute_network.vpc",
            "google_compute_region_network_endpoint_group.run_neg",
            "google_compute_security_policy.waf",
            "google_compute_subnetwork.subnet",
            "google_compute_target_http_proxy.http_proxy",
            "google_compute_url_map.url_map",
            "google_project_service.services",
            "google_service_account.app_sa",
            "google_storage_bucket.logs_data_bucket"
          ]
        }
      ]
    },
    {
      "mode": "managed",
      "type": "google_compute_network",
      "name": "vpc",
      "provider": "provider[\"registry.terraform.io/hashicorp/google\"]",
      "instances": [
        {
          "schema_version": 0,
          "attributes": {
            "auto_create_subnetworks": false,
            "bgp_always_compare_med": false,
            "bgp_best_path_selection_mode": "LEGACY",
            "bgp_inter_region_cost": "",
            "delete_bgp_always_compare_med": false,
            "delete_default_routes_on_create": false,
            "description": "",
            "enable_ula_internal_ipv6": false,
            "gateway_ipv4": "",
            "id": "projects/migration-demo-429608/global/networks/elevate-hr-vpc",
            "internal_ipv6_range": "",
            "mtu": 0,
            "name": "elevate-hr-vpc",
            "network_firewall_policy_enforcement_order": "AFTER_CLASSIC_FIREWALL",
            "network_id": "8436326451196971077",
            "network_profile": "",
            "numeric_id": "8436326451196971077",
            "params": [],
            "project": "migration-demo-429608",
            "routing_mode": "REGIONAL",
            "self_link": "https://www.googleapis.com/compute/v1/projects/migration-demo-429608/global/networks/elevate-hr-vpc",
            "timeouts": null
          },
          "sensitive_attributes": [],
          "private": "eyJlMmJmYjczMC1lY2FhLTExZTYtOGY4OC0zNDM2M2JjN2M0YzAiOnsiY3JlYXRlIjoxMjAwMDAwMDAwMDAwLCJkZWxldGUiOjEyMDAwMDAwMDAwMDAsInVwZGF0ZSI6MTIwMDAwMDAwMDAwMH19",
          "dependencies": [
            "google_project_service.services"
          ]
        }
      ]
    },
    {
      "mode": "managed",
      "type": "google_compute_region_network_endpoint_group",
      "name": "run_neg",
      "provider": "provider[\"registry.terraform.io/hashicorp/google\"]",
      "instances": [
        {
          "schema_version": 0,
          "attributes": {
            "app_engine": [],
            "cloud_function": [],
            "cloud_run": [
              {
                "service": "elevate-hr",
                "tag": "",
                "url_mask": ""
              }
            ],
            "description": "",
            "id": "projects/migration-demo-429608/regions/us-east1/networkEndpointGroups/elevate-hr-neg",
            "name": "elevate-hr-neg",
            "network": "",
            "network_endpoint_type": "SERVERLESS",
            "project": "migration-demo-429608",
            "psc_data": [],
            "psc_target_service": "",
            "region": "https://www.googleapis.com/compute/v1/projects/migration-demo-429608/regions/us-east1",
            "self_link": "https://www.googleapis.com/compute/v1/projects/migration-demo-429608/regions/us-east1/networkEndpointGroups/elevate-hr-neg",
            "subnetwork": "",
            "timeouts": null
          },
          "sensitive_attributes": [],
          "private": "eyJlMmJmYjczMC1lY2FhLTExZTYtOGY4OC0zNDM2M2JjN2M0YzAiOnsiY3JlYXRlIjoxMjAwMDAwMDAwMDAwLCJkZWxldGUiOjEyMDAwMDAwMDAwMDB9fQ==",
          "dependencies": [
            "data.google_project.project",
            "google_cloud_run_v2_service.app",
            "google_compute_network.vpc",
            "google_compute_subnetwork.subnet",
            "google_project_service.services",
            "google_service_account.app_sa",
            "google_storage_bucket.logs_data_bucket"
          ]
        }
      ]
    },
    {
      "mode": "managed",
      "type": "google_compute_security_policy",
      "name": "waf",
      "provider": "provider[\"registry.terraform.io/hashicorp/google\"]",
      "instances": [
        {
          "schema_version": 0,
          "attributes": {
            "adaptive_protection_config": [],
            "advanced_options_config": [],
            "description": "Cloud Armor WAF policy for elevate-hr agent service",
            "effective_labels": {
              "goog-terraform-provisioned": "true"
            },
            "fingerprint": "I7j8OwvdEfI=",
            "id": "projects/migration-demo-429608/global/securityPolicies/elevate-hr-waf",
            "label_fingerprint": "vezUS-42LLM=",
            "labels": {},
            "name": "elevate-hr-waf",
            "project": "migration-demo-429608",
            "recaptcha_options_config": [],
            "rule": [
              {
                "action": "allow",
                "description": "default rule",
                "header_action": [],
                "match": [
                  {
                    "config": [
                      {
                        "src_ip_ranges": [
                          "*"
                        ]
                      }
                    ],
                    "expr": [],
                    "expr_options": [],
                    "versioned_expr": "SRC_IPS_V1"
                  }
                ],
                "preconfigured_waf_config": [],
                "preview": false,
                "priority": 2147483647,
                "rate_limit_options": [],
                "redirect_options": []
              },
              {
                "action": "deny(403)",
                "description": "Block SQL injection attacks",
                "header_action": [],
                "match": [
                  {
                    "config": [],
                    "expr": [
                      {
                        "expression": "evaluatePreconfiguredExpr('sqli-v33-stable')"
                      }
                    ],
                    "expr_options": [],
                    "versioned_expr": ""
                  }
                ],
                "preconfigured_waf_config": [],
                "preview": false,
                "priority": 1000,
                "rate_limit_options": [],
                "redirect_options": []
              },
              {
                "action": "deny(403)",
                "description": "Block XSS attacks",
                "header_action": [],
                "match": [
                  {
                    "config": [],
                    "expr": [
                      {
                        "expression": "evaluatePreconfiguredExpr('xss-v33-stable')"
                      }
                    ],
                    "expr_options": [],
                    "versioned_expr": ""
                  }
                ],
                "preconfigured_waf_config": [],
                "preview": false,
                "priority": 1001,
                "rate_limit_options": [],
                "redirect_options": []
              }
            ],
            "self_link": "https://www.googleapis.com/compute/v1/projects/migration-demo-429608/global/securityPolicies/elevate-hr-waf",
            "terraform_labels": {
              "goog-terraform-provisioned": "true"
            },
            "timeouts": null,
            "type": "CLOUD_ARMOR"
          },
          "sensitive_attributes": [],
          "private": "eyJlMmJmYjczMC1lY2FhLTExZTYtOGY4OC0zNDM2M2JjN2M0YzAiOnsiY3JlYXRlIjozNjAwMDAwMDAwMDAwLCJkZWxldGUiOjM2MDAwMDAwMDAwMDAsInVwZGF0ZSI6MzYwMDAwMDAwMDAwMH19",
          "dependencies": [
            "google_project_service.services"
          ]
        }
      ]
    },
    {
      "mode": "managed",
      "type": "google_compute_subnetwork",
      "name": "subnet",
      "provider": "provider[\"registry.terraform.io/hashicorp/google\"]",
      "instances": [
        {
          "schema_version": 0,
          "attributes": {
            "allow_subnet_cidr_routes_overlap": false,
            "creation_timestamp": "2026-08-13T19:00:34.050-07:00",
            "description": "",
            "external_ipv6_prefix": "",
            "fingerprint": null,
            "gateway_address": "10.0.0.1",
            "id": "projects/migration-demo-429608/regions/us-east1/subnetworks/elevate-hr-subnet",
            "internal_ipv6_prefix": "",
            "ip_cidr_range": "10.0.0.0/24",
            "ip_collection": null,
            "ipv6_access_type": "",
            "ipv6_cidr_range": "",
            "ipv6_gce_endpoint": "",
            "log_config": [],
            "name": "elevate-hr-subnet",
            "network": "https://www.googleapis.com/compute/v1/projects/migration-demo-429608/global/networks/elevate-hr-vpc",
            "params": [],
            "private_ip_google_access": true,
            "private_ipv6_google_access": "DISABLE_GOOGLE_ACCESS",
            "project": "migration-demo-429608",
            "purpose": "PRIVATE",
            "region": "us-east1",
            "reserved_internal_range": "",
            "resolve_subnet_mask": "",
            "role": "",
            "secondary_ip_range": [],
            "self_link": "https://www.googleapis.com/compute/v1/projects/migration-demo-429608/regions/us-east1/subnetworks/elevate-hr-subnet",
            "send_secondary_ip_range_if_empty": null,
            "stack_type": "IPV4_ONLY",
            "state": "",
            "subnetwork_id": 1534606815920375853,
            "timeouts": null
          },
          "sensitive_attributes": [],
          "private": "eyJlMmJmYjczMC1lY2FhLTExZTYtOGY4OC0zNDM2M2JjN2M0YzAiOnsiY3JlYXRlIjoxMjAwMDAwMDAwMDAwLCJkZWxldGUiOjEyMDAwMDAwMDAwMDAsInVwZGF0ZSI6MTIwMDAwMDAwMDAwMH19",
          "dependencies": [
            "google_compute_network.vpc",
            "google_project_service.services"
          ]
        }
      ]
    },
    {
      "mode": "managed",
      "type": "google_compute_target_http_proxy",
      "name": "http_proxy",
      "provider": "provider[\"registry.terraform.io/hashicorp/google\"]",
      "instances": [
        {
          "schema_version": 0,
          "attributes": {
            "creation_timestamp": "2026-08-13T19:12:16.945-07:00",
            "description": "",
            "fingerprint": "kc2oz_sXv-8=",
            "http_keep_alive_timeout_sec": 0,
            "id": "projects/migration-demo-429608/global/targetHttpProxies/elevate-hr-http-proxy",
            "name": "elevate-hr-http-proxy",
            "project": "migration-demo-429608",
            "proxy_bind": false,
            "proxy_id": 1463248167680329583,
            "self_link": "https://www.googleapis.com/compute/v1/projects/migration-demo-429608/global/targetHttpProxies/elevate-hr-http-proxy",
            "timeouts": null,
            "url_map": "https://www.googleapis.com/compute/v1/projects/migration-demo-429608/global/urlMaps/elevate-hr-url-map"
          },
          "sensitive_attributes": [],
          "private": "eyJlMmJmYjczMC1lY2FhLTExZTYtOGY4OC0zNDM2M2JjN2M0YzAiOnsiY3JlYXRlIjoxMjAwMDAwMDAwMDAwLCJkZWxldGUiOjEyMDAwMDAwMDAwMDAsInVwZGF0ZSI6MTIwMDAwMDAwMDAwMH19",
          "dependencies": [
            "data.google_project.project",
            "google_cloud_run_v2_service.app",
            "google_compute_backend_service.run_backend",
            "google_compute_network.vpc",
            "google_compute_region_network_endpoint_group.run_neg",
            "google_compute_security_policy.waf",
            "google_compute_subnetwork.subnet",
            "google_compute_url_map.url_map",
            "google_project_service.services",
            "google_service_account.app_sa",
            "google_storage_bucket.logs_data_bucket"
          ]
        }
      ]
    },
    {
      "mode": "managed",
      "type": "google_compute_url_map",
      "name": "url_map",
      "provider": "provider[\"registry.terraform.io/hashicorp/google\"]",
      "instances": [
        {
          "schema_version": 0,
          "attributes": {
            "creation_timestamp": "2026-08-13T19:12:05.056-07:00",
            "default_custom_error_response_policy": [],
            "default_route_action": [],
            "default_service": "https://www.googleapis.com/compute/v1/projects/migration-demo-429608/global/backendServices/elevate-hr-backend",
            "default_url_redirect": [],
            "description": "",
            "fingerprint": "gzFwk-KnEps=",
            "header_action": [],
            "host_rule": [],
            "id": "projects/migration-demo-429608/global/urlMaps/elevate-hr-url-map",
            "map_id": 5819937446553700251,
            "name": "elevate-hr-url-map",
            "path_matcher": [],
            "project": "migration-demo-429608",
            "self_link": "https://www.googleapis.com/compute/v1/projects/migration-demo-429608/global/urlMaps/elevate-hr-url-map",
            "test": [],
            "timeouts": null
          },
          "sensitive_attributes": [],
          "private": "eyJlMmJmYjczMC1lY2FhLTExZTYtOGY4OC0zNDM2M2JjN2M0YzAiOnsiY3JlYXRlIjoxMjAwMDAwMDAwMDAwLCJkZWxldGUiOjEyMDAwMDAwMDAwMDAsInVwZGF0ZSI6MTIwMDAwMDAwMDAwMH19",
          "dependencies": [
            "data.google_project.project",
            "google_cloud_run_v2_service.app",
            "google_compute_backend_service.run_backend",
            "google_compute_network.vpc",
            "google_compute_region_network_endpoint_group.run_neg",
            "google_compute_security_policy.waf",
            "google_compute_subnetwork.subnet",
            "google_project_service.services",
            "google_service_account.app_sa",
            "google_storage_bucket.logs_data_bucket"
          ]
        }
      ]
    },
    {
      "mode": "managed",
      "type": "google_firestore_database",
      "name": "database",
      "provider": "provider[\"registry.terraform.io/hashicorp/google\"]",
      "instances": [
        {
          "schema_version": 0,
          "attributes": {
            "app_engine_integration_mode": "DISABLED",
            "cmek_config": [],
            "concurrency_mode": "OPTIMISTIC",
            "create_time": "2026-07-28T07:13:35.067153Z",
            "database_edition": "STANDARD",
            "delete_protection_state": "DELETE_PROTECTION_DISABLED",
            "deletion_policy": "ABANDON",
            "earliest_version_time": "2026-08-14T01:36:27.192971Z",
            "etag": "IPidw/+Kn5YDMNCOk/+Fn5YD",
            "firestore_data_access_mode": "",
            "id": "projects/migration-demo-429608/databases/(default)",
            "key_prefix": "",
            "location_id": "us-central1",
            "mongodb_compatible_data_access_mode": "",
            "name": "(default)",
            "point_in_time_recovery_enablement": "POINT_IN_TIME_RECOVERY_DISABLED",
            "project": "migration-demo-429608",
            "realtime_updates_mode": "REALTIME_UPDATES_MODE_ENABLED",
            "tags": null,
            "timeouts": null,
            "type": "FIRESTORE_NATIVE",
            "uid": "b5606399-02cb-4abf-a240-94e12f1721dc",
            "update_time": "2026-08-14T02:14:04.209803Z",
            "version_retention_period": "3600s"
          },
          "sensitive_attributes": [],
          "private": "eyJlMmJmYjczMC1lY2FhLTExZTYtOGY4OC0zNDM2M2JjN2M0YzAiOnsiY3JlYXRlIjoxMjAwMDAwMDAwMDAwLCJkZWxldGUiOjEyMDAwMDAwMDAwMDAsInVwZGF0ZSI6MTIwMDAwMDAwMDAwMH19",
          "dependencies": [
            "google_project_service.services"
          ]
        }
      ]
    },
    {
      "mode": "managed",
      "type": "google_logging_project_sink",
      "name": "feedback_logs_to_bq",
      "provider": "provider[\"registry.terraform.io/hashicorp/google\"]",
      "instances": [
        {
          "schema_version": 0,
          "attributes": {
            "bigquery_options": [
              {
                "use_partitioned_tables": true
              }
            ],
            "custom_writer_identity": null,
            "description": "",
            "destination": "bigquery.googleapis.com/projects/migration-demo-429608/datasets/elevate_hr_telemetry",
            "disabled": false,
            "exclusions": [],
            "filter": "jsonPayload.log_type=\"feedback\" jsonPayload.service_name=\"elevate-hr\"",
            "id": "projects/migration-demo-429608/sinks/elevate-hr-feedback",
            "name": "elevate-hr-feedback",
            "project": "migration-demo-429608",
            "unique_writer_identity": true,
            "writer_identity": "serviceAccount:service-214722091571@gcp-sa-logging.iam.gserviceaccount.com"
          },
          "sensitive_attributes": [],
          "private": "bnVsbA==",
          "dependencies": [
            "google_bigquery_dataset.telemetry_dataset",
            "google_project_service.services"
          ]
        }
      ]
    },
    {
      "mode": "managed",
      "type": "google_logging_project_sink",
      "name": "genai_logs_to_bq",
      "provider": "provider[\"registry.terraform.io/hashicorp/google\"]",
      "instances": [
        {
          "schema_version": 0,
          "attributes": {
            "bigquery_options": [
              {
                "use_partitioned_tables": true
              }
            ],
            "custom_writer_identity": null,
            "description": "",
            "destination": "bigquery.googleapis.com/projects/migration-demo-429608/datasets/elevate_hr_telemetry",
            "disabled": false,
            "exclusions": [],
            "filter": "labels.\"event.name\"=\"gen_ai.client.inference.operation.details\" AND (labels.\"gen_ai.input.messages_ref\" =~ \".*elevate-hr.*\" OR labels.\"gen_ai.output.messages_ref\" =~ \".*elevate-hr.*\")",
            "id": "projects/migration-demo-429608/sinks/elevate-hr-genai-logs",
            "name": "elevate-hr-genai-logs",
            "project": "migration-demo-429608",
            "unique_writer_identity": true,
            "writer_identity": "serviceAccount:service-214722091571@gcp-sa-logging.iam.gserviceaccount.com"
          },
          "sensitive_attributes": [],
          "private": "bnVsbA==",
          "dependencies": [
            "google_bigquery_dataset.telemetry_dataset",
            "google_project_service.services"
          ]
        }
      ]
    },
    {
      "mode": "managed",
      "type": "google_project_iam_member",
      "name": "app_sa_roles",
      "provider": "provider[\"registry.terraform.io/hashicorp/google\"]",
      "instances": [
        {
          "index_key": "default,roles/aiplatform.user",
          "schema_version": 0,
          "attributes": {
            "condition": [],
            "etag": "BwZY+IB9RoE=",
            "id": "migration-demo-429608/roles/aiplatform.user/serviceAccount:elevate-hr-app@migration-demo-429608.iam.gserviceaccount.com",
            "member": "serviceAccount:elevate-hr-app@migration-demo-429608.iam.gserviceaccount.com",
            "project": "migration-demo-429608",
            "role": "roles/aiplatform.user"
          },
          "sensitive_attributes": [],
          "private": "bnVsbA==",
          "dependencies": [
            "google_project_service.services",
            "google_service_account.app_sa"
          ]
        },
        {
          "index_key": "default,roles/cloudtrace.agent",
          "schema_version": 0,
          "attributes": {
            "condition": [],
            "etag": "BwZY+IB9RoE=",
            "id": "migration-demo-429608/roles/cloudtrace.agent/serviceAccount:elevate-hr-app@migration-demo-429608.iam.gserviceaccount.com",
            "member": "serviceAccount:elevate-hr-app@migration-demo-429608.iam.gserviceaccount.com",
            "project": "migration-demo-429608",
            "role": "roles/cloudtrace.agent"
          },
          "sensitive_attributes": [],
          "private": "bnVsbA==",
          "dependencies": [
            "google_project_service.services",
            "google_service_account.app_sa"
          ]
        },
        {
          "index_key": "default,roles/datastore.user",
          "schema_version": 0,
          "attributes": {
            "condition": [],
            "etag": "BwZY+IB9RoE=",
            "id": "migration-demo-429608/roles/datastore.user/serviceAccount:elevate-hr-app@migration-demo-429608.iam.gserviceaccount.com",
            "member": "serviceAccount:elevate-hr-app@migration-demo-429608.iam.gserviceaccount.com",
            "project": "migration-demo-429608",
            "role": "roles/datastore.user"
          },
          "sensitive_attributes": [],
          "private": "bnVsbA==",
          "dependencies": [
            "google_project_service.services",
            "google_service_account.app_sa"
          ]
        },
        {
          "index_key": "default,roles/logging.logWriter",
          "schema_version": 0,
          "attributes": {
            "condition": [],
            "etag": "BwZY+IB9RoE=",
            "id": "migration-demo-429608/roles/logging.logWriter/serviceAccount:elevate-hr-app@migration-demo-429608.iam.gserviceaccount.com",
            "member": "serviceAccount:elevate-hr-app@migration-demo-429608.iam.gserviceaccount.com",
            "project": "migration-demo-429608",
            "role": "roles/logging.logWriter"
          },
          "sensitive_attributes": [],
          "private": "bnVsbA==",
          "dependencies": [
            "google_project_service.services",
            "google_service_account.app_sa"
          ]
        },
        {
          "index_key": "default,roles/serviceusage.serviceUsageConsumer",
          "schema_version": 0,
          "attributes": {
            "condition": [],
            "etag": "BwZY+IB9RoE=",
            "id": "migration-demo-429608/roles/serviceusage.serviceUsageConsumer/serviceAccount:elevate-hr-app@migration-demo-429608.iam.gserviceaccount.com",
            "member": "serviceAccount:elevate-hr-app@migration-demo-429608.iam.gserviceaccount.com",
            "project": "migration-demo-429608",
            "role": "roles/serviceusage.serviceUsageConsumer"
          },
          "sensitive_attributes": [],
          "private": "bnVsbA==",
          "dependencies": [
            "google_project_service.services",
            "google_service_account.app_sa"
          ]
        },
        {
          "index_key": "default,roles/storage.admin",
          "schema_version": 0,
          "attributes": {
            "condition": [],
            "etag": "BwZY+IB9RoE=",
            "id": "migration-demo-429608/roles/storage.admin/serviceAccount:elevate-hr-app@migration-demo-429608.iam.gserviceaccount.com",
            "member": "serviceAccount:elevate-hr-app@migration-demo-429608.iam.gserviceaccount.com",
            "project": "migration-demo-429608",
            "role": "roles/storage.admin"
          },
          "sensitive_attributes": [],
          "private": "bnVsbA==",
          "dependencies": [
            "google_project_service.services",
            "google_service_account.app_sa"
          ]
        }
      ]
    },
    {
      "mode": "managed",
      "type": "google_project_iam_member",
      "name": "default_compute_sa_storage_object_creator",
      "provider": "provider[\"registry.terraform.io/hashicorp/google\"]",
      "instances": [
        {
          "schema_version": 0,
          "attributes": {
            "condition": [],
            "etag": "BwZY+IB9RoE=",
            "id": "migration-demo-429608/roles/cloudbuild.builds.builder/serviceAccount:214722091571-compute@developer.gserviceaccount.com",
            "member": "serviceAccount:214722091571-compute@developer.gserviceaccount.com",
            "project": "migration-demo-429608",
            "role": "roles/cloudbuild.builds.builder"
          },
          "sensitive_attributes": [],
          "private": "bnVsbA==",
          "dependencies": [
            "data.google_project.project",
            "google_project_service.services"
          ]
        }
      ]
    },
    {
      "mode": "managed",
      "type": "google_project_service",
      "name": "services",
      "provider": "provider[\"registry.terraform.io/hashicorp/google\"]",
      "instances": [
        {
          "index_key": 0,
          "schema_version": 0,
          "attributes": {
            "disable_dependent_services": null,
            "disable_on_destroy": false,
            "id": "migration-demo-429608/aiplatform.googleapis.com",
            "project": "migration-demo-429608",
            "service": "aiplatform.googleapis.com",
            "timeouts": null
          },
          "sensitive_attributes": [],
          "private": "eyJlMmJmYjczMC1lY2FhLTExZTYtOGY4OC0zNDM2M2JjN2M0YzAiOnsiY3JlYXRlIjoxMjAwMDAwMDAwMDAwLCJkZWxldGUiOjEyMDAwMDAwMDAwMDAsInJlYWQiOjYwMDAwMDAwMDAwMCwidXBkYXRlIjoxMjAwMDAwMDAwMDAwfX0="
        },
        {
          "index_key": 1,
          "schema_version": 0,
          "attributes": {
            "disable_dependent_services": null,
            "disable_on_destroy": false,
            "id": "migration-demo-429608/cloudbuild.googleapis.com",
            "project": "migration-demo-429608",
            "service": "cloudbuild.googleapis.com",
            "timeouts": null
          },
          "sensitive_attributes": [],
          "private": "eyJlMmJmYjczMC1lY2FhLTExZTYtOGY4OC0zNDM2M2JjN2M0YzAiOnsiY3JlYXRlIjoxMjAwMDAwMDAwMDAwLCJkZWxldGUiOjEyMDAwMDAwMDAwMDAsInJlYWQiOjYwMDAwMDAwMDAwMCwidXBkYXRlIjoxMjAwMDAwMDAwMDAwfX0="
        },
        {
          "index_key": 2,
          "schema_version": 0,
          "attributes": {
            "disable_dependent_services": null,
            "disable_on_destroy": false,
            "id": "migration-demo-429608/run.googleapis.com",
            "project": "migration-demo-429608",
            "service": "run.googleapis.com",
            "timeouts": null
          },
          "sensitive_attributes": [],
          "private": "eyJlMmJmYjczMC1lY2FhLTExZTYtOGY4OC0zNDM2M2JjN2M0YzAiOnsiY3JlYXRlIjoxMjAwMDAwMDAwMDAwLCJkZWxldGUiOjEyMDAwMDAwMDAwMDAsInJlYWQiOjYwMDAwMDAwMDAwMCwidXBkYXRlIjoxMjAwMDAwMDAwMDAwfX0="
        },
        {
          "index_key": 3,
          "schema_version": 0,
          "attributes": {
            "disable_dependent_services": null,
            "disable_on_destroy": false,
            "id": "migration-demo-429608/bigquery.googleapis.com",
            "project": "migration-demo-429608",
            "service": "bigquery.googleapis.com",
            "timeouts": null
          },
          "sensitive_attributes": [],
          "private": "eyJlMmJmYjczMC1lY2FhLTExZTYtOGY4OC0zNDM2M2JjN2M0YzAiOnsiY3JlYXRlIjoxMjAwMDAwMDAwMDAwLCJkZWxldGUiOjEyMDAwMDAwMDAwMDAsInJlYWQiOjYwMDAwMDAwMDAwMCwidXBkYXRlIjoxMjAwMDAwMDAwMDAwfX0="
        },
        {
          "index_key": 4,
          "schema_version": 0,
          "attributes": {
            "disable_dependent_services": null,
            "disable_on_destroy": false,
            "id": "migration-demo-429608/cloudresourcemanager.googleapis.com",
            "project": "migration-demo-429608",
            "service": "cloudresourcemanager.googleapis.com",
            "timeouts": null
          },
          "sensitive_attributes": [],
          "private": "eyJlMmJmYjczMC1lY2FhLTExZTYtOGY4OC0zNDM2M2JjN2M0YzAiOnsiY3JlYXRlIjoxMjAwMDAwMDAwMDAwLCJkZWxldGUiOjEyMDAwMDAwMDAwMDAsInJlYWQiOjYwMDAwMDAwMDAwMCwidXBkYXRlIjoxMjAwMDAwMDAwMDAwfX0="
        },
        {
          "index_key": 5,
          "schema_version": 0,
          "attributes": {
            "disable_dependent_services": null,
            "disable_on_destroy": false,
            "id": "migration-demo-429608/iam.googleapis.com",
            "project": "migration-demo-429608",
            "service": "iam.googleapis.com",
            "timeouts": null
          },
          "sensitive_attributes": [],
          "private": "eyJlMmJmYjczMC1lY2FhLTExZTYtOGY4OC0zNDM2M2JjN2M0YzAiOnsiY3JlYXRlIjoxMjAwMDAwMDAwMDAwLCJkZWxldGUiOjEyMDAwMDAwMDAwMDAsInJlYWQiOjYwMDAwMDAwMDAwMCwidXBkYXRlIjoxMjAwMDAwMDAwMDAwfX0="
        },
        {
          "index_key": 6,
          "schema_version": 0,
          "attributes": {
            "disable_dependent_services": null,
            "disable_on_destroy": false,
            "id": "migration-demo-429608/serviceusage.googleapis.com",
            "project": "migration-demo-429608",
            "service": "serviceusage.googleapis.com",
            "timeouts": null
          },
          "sensitive_attributes": [],
          "private": "eyJlMmJmYjczMC1lY2FhLTExZTYtOGY4OC0zNDM2M2JjN2M0YzAiOnsiY3JlYXRlIjoxMjAwMDAwMDAwMDAwLCJkZWxldGUiOjEyMDAwMDAwMDAwMDAsInJlYWQiOjYwMDAwMDAwMDAwMCwidXBkYXRlIjoxMjAwMDAwMDAwMDAwfX0="
        },
        {
          "index_key": 7,
          "schema_version": 0,
          "attributes": {
            "disable_dependent_services": null,
            "disable_on_destroy": false,
            "id": "migration-demo-429608/logging.googleapis.com",
            "project": "migration-demo-429608",
            "service": "logging.googleapis.com",
            "timeouts": null
          },
          "sensitive_attributes": [],
          "private": "eyJlMmJmYjczMC1lY2FhLTExZTYtOGY4OC0zNDM2M2JjN2M0YzAiOnsiY3JlYXRlIjoxMjAwMDAwMDAwMDAwLCJkZWxldGUiOjEyMDAwMDAwMDAwMDAsInJlYWQiOjYwMDAwMDAwMDAwMCwidXBkYXRlIjoxMjAwMDAwMDAwMDAwfX0="
        },
        {
          "index_key": 8,
          "schema_version": 0,
          "attributes": {
            "disable_dependent_services": null,
            "disable_on_destroy": false,
            "id": "migration-demo-429608/cloudtrace.googleapis.com",
            "project": "migration-demo-429608",
            "service": "cloudtrace.googleapis.com",
            "timeouts": null
          },
          "sensitive_attributes": [],
          "private": "eyJlMmJmYjczMC1lY2FhLTExZTYtOGY4OC0zNDM2M2JjN2M0YzAiOnsiY3JlYXRlIjoxMjAwMDAwMDAwMDAwLCJkZWxldGUiOjEyMDAwMDAwMDAwMDAsInJlYWQiOjYwMDAwMDAwMDAwMCwidXBkYXRlIjoxMjAwMDAwMDAwMDAwfX0="
        },
        {
          "index_key": 9,
          "schema_version": 0,
          "attributes": {
            "disable_dependent_services": null,
            "disable_on_destroy": false,
            "id": "migration-demo-429608/telemetry.googleapis.com",
            "project": "migration-demo-429608",
            "service": "telemetry.googleapis.com",
            "timeouts": null
          },
          "sensitive_attributes": [],
          "private": "eyJlMmJmYjczMC1lY2FhLTExZTYtOGY4OC0zNDM2M2JjN2M0YzAiOnsiY3JlYXRlIjoxMjAwMDAwMDAwMDAwLCJkZWxldGUiOjEyMDAwMDAwMDAwMDAsInJlYWQiOjYwMDAwMDAwMDAwMCwidXBkYXRlIjoxMjAwMDAwMDAwMDAwfX0="
        },
        {
          "index_key": 10,
          "schema_version": 0,
          "attributes": {
            "disable_dependent_services": null,
            "disable_on_destroy": false,
            "id": "migration-demo-429608/secretmanager.googleapis.com",
            "project": "migration-demo-429608",
            "service": "secretmanager.googleapis.com",
            "timeouts": null
          },
          "sensitive_attributes": [],
          "private": "eyJlMmJmYjczMC1lY2FhLTExZTYtOGY4OC0zNDM2M2JjN2M0YzAiOnsiY3JlYXRlIjoxMjAwMDAwMDAwMDAwLCJkZWxldGUiOjEyMDAwMDAwMDAwMDAsInJlYWQiOjYwMDAwMDAwMDAwMCwidXBkYXRlIjoxMjAwMDAwMDAwMDAwfX0="
        },
        {
          "index_key": 11,
          "schema_version": 0,
          "attributes": {
            "disable_dependent_services": null,
            "disable_on_destroy": false,
            "id": "migration-demo-429608/firestore.googleapis.com",
            "project": "migration-demo-429608",
            "service": "firestore.googleapis.com",
            "timeouts": null
          },
          "sensitive_attributes": [],
          "private": "eyJlMmJmYjczMC1lY2FhLTExZTYtOGY4OC0zNDM2M2JjN2M0YzAiOnsiY3JlYXRlIjoxMjAwMDAwMDAwMDAwLCJkZWxldGUiOjEyMDAwMDAwMDAwMDAsInJlYWQiOjYwMDAwMDAwMDAwMCwidXBkYXRlIjoxMjAwMDAwMDAwMDAwfX0="
        },
        {
          "index_key": 12,
          "schema_version": 0,
          "attributes": {
            "disable_dependent_services": null,
            "disable_on_destroy": false,
            "id": "migration-demo-429608/compute.googleapis.com",
            "project": "migration-demo-429608",
            "service": "compute.googleapis.com",
            "timeouts": null
          },
          "sensitive_attributes": [],
          "private": "eyJlMmJmYjczMC1lY2FhLTExZTYtOGY4OC0zNDM2M2JjN2M0YzAiOnsiY3JlYXRlIjoxMjAwMDAwMDAwMDAwLCJkZWxldGUiOjEyMDAwMDAwMDAwMDAsInJlYWQiOjYwMDAwMDAwMDAwMCwidXBkYXRlIjoxMjAwMDAwMDAwMDAwfX0="
        },
        {
          "index_key": 13,
          "schema_version": 0,
          "attributes": {
            "disable_dependent_services": null,
            "disable_on_destroy": false,
            "id": "migration-demo-429608/vpcaccess.googleapis.com",
            "project": "migration-demo-429608",
            "service": "vpcaccess.googleapis.com",
            "timeouts": null
          },
          "sensitive_attributes": [],
          "private": "eyJlMmJmYjczMC1lY2FhLTExZTYtOGY4OC0zNDM2M2JjN2M0YzAiOnsiY3JlYXRlIjoxMjAwMDAwMDAwMDAwLCJkZWxldGUiOjEyMDAwMDAwMDAwMDAsInJlYWQiOjYwMDAwMDAwMDAwMCwidXBkYXRlIjoxMjAwMDAwMDAwMDAwfX0="
        }
      ]
    },
    {
      "mode": "managed",
      "type": "google_project_service_identity",
      "name": "vertex_sa",
      "provider": "provider[\"registry.terraform.io/hashicorp/google-beta\"]",
      "instances": [
        {
          "schema_version": 0,
          "attributes": {
            "email": "service-214722091571@gcp-sa-aiplatform.iam.gserviceaccount.com",
            "id": "projects/migration-demo-429608/services/aiplatform.googleapis.com",
            "member": "serviceAccount:service-214722091571@gcp-sa-aiplatform.iam.gserviceaccount.com",
            "project": "migration-demo-429608",
            "service": "aiplatform.googleapis.com",
            "timeouts": null
          },
          "sensitive_attributes": [],
          "private": "eyJlMmJmYjczMC1lY2FhLTExZTYtOGY4OC0zNDM2M2JjN2M0YzAiOnsiY3JlYXRlIjoxMjAwMDAwMDAwMDAwLCJkZWxldGUiOjEyMDAwMDAwMDAwMDAsInJlYWQiOjYwMDAwMDAwMDAwMH19"
        }
      ]
    },
    {
      "mode": "managed",
      "type": "google_secret_manager_secret",
      "name": "serviceimmediately_token",
      "provider": "provider[\"registry.terraform.io/hashicorp/google\"]",
      "instances": [
        {
          "schema_version": 0,
          "attributes": {
            "annotations": {},
            "create_time": "2026-08-14T02:00:10.774526Z",
            "deletion_protection": false,
            "effective_annotations": {},
            "effective_labels": {
              "goog-terraform-provisioned": "true"
            },
            "expire_time": "",
            "id": "projects/migration-demo-429608/secrets/serviceimmediately-api-token",
            "labels": {},
            "name": "projects/214722091571/secrets/serviceimmediately-api-token",
            "project": "migration-demo-429608",
            "replication": [
              {
                "auto": [
                  {
                    "customer_managed_encryption": []
                  }
                ],
                "user_managed": []
              }
            ],
            "rotation": [],
            "secret_id": "serviceimmediately-api-token",
            "tags": null,
            "terraform_labels": {
              "goog-terraform-provisioned": "true"
            },
            "timeouts": null,
            "topics": [],
            "ttl": null,
            "version_aliases": {},
            "version_destroy_ttl": ""
          },
          "sensitive_attributes": [],
          "private": "eyJlMmJmYjczMC1lY2FhLTExZTYtOGY4OC0zNDM2M2JjN2M0YzAiOnsiY3JlYXRlIjoxMjAwMDAwMDAwMDAwLCJkZWxldGUiOjEyMDAwMDAwMDAwMDAsInVwZGF0ZSI6MTIwMDAwMDAwMDAwMH19",
          "dependencies": [
            "google_project_service.services"
          ]
        }
      ]
    },
    {
      "mode": "managed",
      "type": "google_secret_manager_secret",
      "name": "workweek_token",
      "provider": "provider[\"registry.terraform.io/hashicorp/google\"]",
      "instances": [
        {
          "schema_version": 0,
          "attributes": {
            "annotations": {},
            "create_time": "2026-08-14T02:00:10.780465Z",
            "deletion_protection": false,
            "effective_annotations": {},
            "effective_labels": {
              "goog-terraform-provisioned": "true"
            },
            "expire_time": "",
            "id": "projects/migration-demo-429608/secrets/workweek-api-token",
            "labels": {},
            "name": "projects/214722091571/secrets/workweek-api-token",
            "project": "migration-demo-429608",
            "replication": [
              {
                "auto": [
                  {
                    "customer_managed_encryption": []
                  }
                ],
                "user_managed": []
              }
            ],
            "rotation": [],
            "secret_id": "workweek-api-token",
            "tags": null,
            "terraform_labels": {
              "goog-terraform-provisioned": "true"
            },
            "timeouts": null,
            "topics": [],
            "ttl": null,
            "version_aliases": {},
            "version_destroy_ttl": ""
          },
          "sensitive_attributes": [],
          "private": "eyJlMmJmYjczMC1lY2FhLTExZTYtOGY4OC0zNDM2M2JjN2M0YzAiOnsiY3JlYXRlIjoxMjAwMDAwMDAwMDAwLCJkZWxldGUiOjEyMDAwMDAwMDAwMDAsInVwZGF0ZSI6MTIwMDAwMDAwMDAwMH19",
          "dependencies": [
            "google_project_service.services"
          ]
        }
      ]
    },
    {
      "mode": "managed",
      "type": "google_secret_manager_secret_iam_member",
      "name": "serviceimmediately_accessor",
      "provider": "provider[\"registry.terraform.io/hashicorp/google\"]",
      "instances": [
        {
          "schema_version": 0,
          "attributes": {
            "condition": [],
            "etag": "BwZY+C5W2f0=",
            "id": "projects/migration-demo-429608/secrets/serviceimmediately-api-token/roles/secretmanager.secretAccessor/serviceAccount:elevate-hr-app@migration-demo-429608.iam.gserviceaccount.com",
            "member": "serviceAccount:elevate-hr-app@migration-demo-429608.iam.gserviceaccount.com",
            "project": "migration-demo-429608",
            "role": "roles/secretmanager.secretAccessor",
            "secret_id": "projects/migration-demo-429608/secrets/serviceimmediately-api-token"
          },
          "sensitive_attributes": [],
          "private": "bnVsbA==",
          "dependencies": [
            "google_project_service.services",
            "google_secret_manager_secret.serviceimmediately_token",
            "google_service_account.app_sa"
          ]
        }
      ]
    },
    {
      "mode": "managed",
      "type": "google_secret_manager_secret_iam_member",
      "name": "workweek_accessor",
      "provider": "provider[\"registry.terraform.io/hashicorp/google\"]",
      "instances": [
        {
          "schema_version": 0,
          "attributes": {
            "condition": [],
            "etag": "BwZY+C5ch/0=",
            "id": "projects/migration-demo-429608/secrets/workweek-api-token/roles/secretmanager.secretAccessor/serviceAccount:elevate-hr-app@migration-demo-429608.iam.gserviceaccount.com",
            "member": "serviceAccount:elevate-hr-app@migration-demo-429608.iam.gserviceaccount.com",
            "project": "migration-demo-429608",
            "role": "roles/secretmanager.secretAccessor",
            "secret_id": "projects/migration-demo-429608/secrets/workweek-api-token"
          },
          "sensitive_attributes": [],
          "private": "bnVsbA==",
          "dependencies": [
            "google_project_service.services",
            "google_secret_manager_secret.workweek_token",
            "google_service_account.app_sa"
          ]
        }
      ]
    },
    {
      "mode": "managed",
      "type": "google_secret_manager_secret_version",
      "name": "serviceimmediately_token_version",
      "provider": "provider[\"registry.terraform.io/hashicorp/google\"]",
      "instances": [
        {
          "schema_version": 0,
          "attributes": {
            "create_time": "2026-08-14T02:00:13.097028Z",
            "deletion_policy": "DELETE",
            "destroy_time": "",
            "enabled": true,
            "id": "projects/214722091571/secrets/serviceimmediately-api-token/versions/1",
            "is_secret_data_base64": false,
            "name": "projects/214722091571/secrets/serviceimmediately-api-token/versions/1",
            "project": null,
            "secret": "projects/migration-demo-429608/secrets/serviceimmediately-api-token",
            "secret_data": "mock-serviceimmediately-token-value",
            "secret_data_wo": null,
            "secret_data_wo_version": 0,
            "timeouts": null,
            "version": "1"
          },
          "sensitive_attributes": [],
          "private": "eyJlMmJmYjczMC1lY2FhLTExZTYtOGY4OC0zNDM2M2JjN2M0YzAiOnsiY3JlYXRlIjoxMjAwMDAwMDAwMDAwLCJkZWxldGUiOjEyMDAwMDAwMDAwMDAsInVwZGF0ZSI6MTIwMDAwMDAwMDAwMH19",
          "dependencies": [
            "google_project_service.services",
            "google_secret_manager_secret.serviceimmediately_token"
          ]
        }
      ]
    },
    {
      "mode": "managed",
      "type": "google_secret_manager_secret_version",
      "name": "workweek_token_version",
      "provider": "provider[\"registry.terraform.io/hashicorp/google\"]",
      "instances": [
        {
          "schema_version": 0,
          "attributes": {
            "create_time": "2026-08-14T02:00:13.848803Z",
            "deletion_policy": "DELETE",
            "destroy_time": "",
            "enabled": true,
            "id": "projects/214722091571/secrets/workweek-api-token/versions/1",
            "is_secret_data_base64": false,
            "name": "projects/214722091571/secrets/workweek-api-token/versions/1",
            "project": null,
            "secret": "projects/migration-demo-429608/secrets/workweek-api-token",
            "secret_data": "mock-workweek-token-value",
            "secret_data_wo": null,
            "secret_data_wo_version": 0,
            "timeouts": null,
            "version": "1"
          },
          "sensitive_attributes": [],
          "private": "eyJlMmJmYjczMC1lY2FhLTExZTYtOGY4OC0zNDM2M2JjN2M0YzAiOnsiY3JlYXRlIjoxMjAwMDAwMDAwMDAwLCJkZWxldGUiOjEyMDAwMDAwMDAwMDAsInVwZGF0ZSI6MTIwMDAwMDAwMDAwMH19",
          "dependencies": [
            "google_project_service.services",
            "google_secret_manager_secret.workweek_token"
          ]
        }
      ]
    },
    {
      "mode": "managed",
      "type": "google_service_account",
      "name": "app_sa",
      "provider": "provider[\"registry.terraform.io/hashicorp/google\"]",
      "instances": [
        {
          "schema_version": 0,
          "attributes": {
            "account_id": "elevate-hr-app",
            "create_ignore_already_exists": null,
            "description": "",
            "disabled": false,
            "display_name": "elevate-hr Agent Service Account",
            "email": "elevate-hr-app@migration-demo-429608.iam.gserviceaccount.com",
            "id": "projects/migration-demo-429608/serviceAccounts/elevate-hr-app@migration-demo-429608.iam.gserviceaccount.com",
            "member": "serviceAccount:elevate-hr-app@migration-demo-429608.iam.gserviceaccount.com",
            "name": "projects/migration-demo-429608/serviceAccounts/elevate-hr-app@migration-demo-429608.iam.gserviceaccount.com",
            "project": "migration-demo-429608",
            "timeouts": null,
            "unique_id": "111025665636876579116"
          },
          "sensitive_attributes": [],
          "private": "eyJlMmJmYjczMC1lY2FhLTExZTYtOGY4OC0zNDM2M2JjN2M0YzAiOnsiY3JlYXRlIjozMDAwMDAwMDAwMDB9fQ==",
          "dependencies": [
            "google_project_service.services"
          ]
        }
      ]
    },
    {
      "mode": "managed",
      "type": "google_storage_bucket",
      "name": "logs_data_bucket",
      "provider": "provider[\"registry.terraform.io/hashicorp/google\"]",
      "instances": [
        {
          "schema_version": 4,
          "attributes": {
            "autoclass": [],
            "cors": [],
            "custom_placement_config": [],
            "default_event_based_hold": false,
            "effective_labels": {
              "goog-terraform-provisioned": "true"
            },
            "enable_object_retention": false,
            "encryption": [],
            "force_destroy": false,
            "hierarchical_namespace": [
              {
                "enabled": false
              }
            ],
            "id": "migration-demo-429608-elevate-hr-logs",
            "ip_filter": [],
            "labels": {},
            "lifecycle_rule": [],
            "location": "US-EAST1",
            "logging": [],
            "name": "migration-demo-429608-elevate-hr-logs",
            "project": "migration-demo-429608",
            "project_number": 214722091571,
            "public_access_prevention": "inherited",
            "requester_pays": false,
            "retention_policy": [],
            "rpo": null,
            "self_link": "https://www.googleapis.com/storage/v1/b/migration-demo-429608-elevate-hr-logs",
            "soft_delete_policy": [
              {
                "effective_time": "2026-08-14T01:32:02.993Z",
                "retention_duration_seconds": 604800
              }
            ],
            "storage_class": "STANDARD",
            "terraform_labels": {
              "goog-terraform-provisioned": "true"
            },
            "time_created": "2026-08-14T01:32:02.993Z",
            "timeouts": null,
            "uniform_bucket_level_access": true,
            "updated": "2026-08-14T01:32:14.753Z",
            "url": "gs://migration-demo-429608-elevate-hr-logs",
            "versioning": [],
            "website": []
          },
          "sensitive_attributes": [],
          "private": "eyJlMmJmYjczMC1lY2FhLTExZTYtOGY4OC0zNDM2M2JjN2M0YzAiOnsiY3JlYXRlIjo2MDAwMDAwMDAwMDAsInJlYWQiOjI0MDAwMDAwMDAwMCwidXBkYXRlIjoyNDAwMDAwMDAwMDB9LCJzY2hlbWFfdmVyc2lvbiI6IjQifQ==",
          "dependencies": [
            "google_project_service.services"
          ]
        }
      ]
    },
    {
      "mode": "managed",
      "type": "google_storage_bucket",
      "name": "policy_docs_bucket",
      "provider": "provider[\"registry.terraform.io/hashicorp/google\"]",
      "instances": [
        {
          "schema_version": 4,
          "attributes": {
            "autoclass": [],
            "cors": [],
            "custom_placement_config": [],
            "default_event_based_hold": false,
            "effective_labels": {
              "goog-terraform-provisioned": "true"
            },
            "enable_object_retention": false,
            "encryption": [],
            "force_destroy": false,
            "hierarchical_namespace": [
              {
                "enabled": false
              }
            ],
            "id": "migration-demo-429608-elevate-hr-policies",
            "ip_filter": [],
            "labels": {},
            "lifecycle_rule": [],
            "location": "US-EAST1",
            "logging": [],
            "name": "migration-demo-429608-elevate-hr-policies",
            "project": "migration-demo-429608",
            "project_number": 214722091571,
            "public_access_prevention": "inherited",
            "requester_pays": false,
            "retention_policy": [],
            "rpo": null,
            "self_link": "https://www.googleapis.com/storage/v1/b/migration-demo-429608-elevate-hr-policies",
            "soft_delete_policy": [
              {
                "effective_time": "2026-08-14T02:00:11.722Z",
                "retention_duration_seconds": 604800
              }
            ],
            "storage_class": "STANDARD",
            "terraform_labels": {
              "goog-terraform-provisioned": "true"
            },
            "time_created": "2026-08-14T02:00:11.722Z",
            "timeouts": null,
            "uniform_bucket_level_access": true,
            "updated": "2026-08-14T02:00:14.644Z",
            "url": "gs://migration-demo-429608-elevate-hr-policies",
            "versioning": [
              {
                "enabled": true
              }
            ],
            "website": []
          },
          "sensitive_attributes": [],
          "private": "eyJlMmJmYjczMC1lY2FhLTExZTYtOGY4OC0zNDM2M2JjN2M0YzAiOnsiY3JlYXRlIjo2MDAwMDAwMDAwMDAsInJlYWQiOjI0MDAwMDAwMDAwMCwidXBkYXRlIjoyNDAwMDAwMDAwMDB9LCJzY2hlbWFfdmVyc2lvbiI6IjQifQ==",
          "dependencies": [
            "google_project_service.services"
          ]
        }
      ]
    },
    {
      "mode": "managed",
      "type": "google_storage_bucket_iam_member",
      "name": "agent_policy_reader",
      "provider": "provider[\"registry.terraform.io/hashicorp/google\"]",
      "instances": [
        {
          "schema_version": 0,
          "attributes": {
            "bucket": "b/migration-demo-429608-elevate-hr-policies",
            "condition": [],
            "etag": "CAI=",
            "id": "b/migration-demo-429608-elevate-hr-policies/roles/storage.objectViewer/serviceAccount:elevate-hr-app@migration-demo-429608.iam.gserviceaccount.com",
            "member": "serviceAccount:elevate-hr-app@migration-demo-429608.iam.gserviceaccount.com",
            "role": "roles/storage.objectViewer",
            "timeouts": null
          },
          "sensitive_attributes": [],
          "private": "eyJlMmJmYjczMC1lY2FhLTExZTYtOGY4OC0zNDM2M2JjN2M0YzAiOnsiY3JlYXRlIjoxMjAwMDAwMDAwMDAwfX0=",
          "dependencies": [
            "google_project_service.services",
            "google_service_account.app_sa",
            "google_storage_bucket.policy_docs_bucket"
          ]
        }
      ]
    },
    {
      "mode": "managed",
      "type": "google_storage_bucket_iam_member",
      "name": "telemetry_connection_access",
      "provider": "provider[\"registry.terraform.io/hashicorp/google\"]",
      "instances": [
        {
          "schema_version": 0,
          "attributes": {
            "bucket": "b/migration-demo-429608-elevate-hr-logs",
            "condition": [],
            "etag": "CAI=",
            "id": "b/migration-demo-429608-elevate-hr-logs/roles/storage.objectViewer/serviceAccount:bqcx-214722091571-1n19@gcp-sa-bigquery-condel.iam.gserviceaccount.com",
            "member": "serviceAccount:bqcx-214722091571-1n19@gcp-sa-bigquery-condel.iam.gserviceaccount.com",
            "role": "roles/storage.objectViewer",
            "timeouts": null
          },
          "sensitive_attributes": [],
          "private": "eyJlMmJmYjczMC1lY2FhLTExZTYtOGY4OC0zNDM2M2JjN2M0YzAiOnsiY3JlYXRlIjoxMjAwMDAwMDAwMDAwfX0=",
          "dependencies": [
            "google_bigquery_connection.genai_telemetry_connection",
            "google_project_service.services",
            "google_storage_bucket.logs_data_bucket",
            "time_sleep.wait_for_bq_connection_sa"
          ]
        }
      ]
    },
    {
      "mode": "managed",
      "type": "time_sleep",
      "name": "wait_for_bq_connection_sa",
      "provider": "provider[\"registry.terraform.io/hashicorp/time\"]",
      "instances": [
        {
          "schema_version": 0,
          "attributes": {
            "create_duration": "10s",
            "destroy_duration": null,
            "id": "2026-08-14T01:32:13Z",
            "triggers": null
          },
          "sensitive_attributes": [],
          "dependencies": [
            "google_bigquery_connection.genai_telemetry_connection",
            "google_project_service.services"
          ]
        }
      ]
    }
  ],
  "check_results": null
}
